// !$*UTF8*$!
{
	archiveVersion = 1;
	classes = {
	};
	objectVersion = 45;
	objects = {

/* Begin PBXBuildFile section */
		789443F477985A564B742F8D /* Config.cpp in Sources */ = {isa = PBXBuildFile; fileRef = 2F254133092E4CBD45285764 /* Config.cpp */; };
		710C74A26EE10F3C3C193522 /* JoystickDevice.cpp in Sources */ = {isa = PBXBuildFile; fileRef = 0D8D300672CF150908376EC3 /* JoystickDevice.cpp */; };
		310579644EF610FF5E640B41 /* JoystickManager.cpp in Sources */ = {isa = PBXBuildFile; fileRef = 7A8B5F217AA11014276A29D6 /* JoystickManager.cpp */; };
/* End PBXBuildFile section */

/* Begin PBXFileReference section */
		145B69E776E36E6F3AE6083C /* Common.h */ = {isa = PBXFileReference; lastKnownFileType = sourcecode.c.h; name = "Common.h"; path = "Common.h"; sourceTree = "<group>"; };
		2F254133092E4CBD45285764 /* Config.cpp */ = {isa = PBXFileReference; lastKnownFileType = sourcecode.cpp.cpp; name = "Config.cpp"; path = "Config.cpp"; sourceTree = "<group>"; };
		70084D1942E23F720C2025D7 /* Config.h */ = {isa = PBXFileReference; lastKnownFileType = sourcecode.c.h; name = "Config.h"; path = "Config.h"; sourceTree = "<group>"; };
		02883BB1676612930DEE2D62 /* Device.h */ = {isa = PBXFileReference; lastKnownFileType = sourcecode.c.h; name = "Device.h"; path = "Device.h"; sourceTree = "<group>"; };
		0D8D300672CF150908376EC3 /* JoystickDevice.cpp */ = {isa = PBXFileReference; lastKnownFileType = sourcecode.cpp.cpp; name = "JoystickDevice.cpp"; path = "JoystickDevice.cpp"; sourceTree = "<group>"; };
		0B9037806A7C20C65F374314 /* JoystickDevice.h */ = {isa = PBXFileReference; lastKnownFileType = sourcecode.c.h; name = "JoystickDevice.h"; path = "JoystickDevice.h"; sourceTree = "<group>"; };
		7A8B5F217AA11014276A29D6 /* JoystickManager.cpp */ = {isa = PBXFileReference; lastKnownFileType = sourcecode.cpp.cpp; name = "JoystickManager.cpp"; path = "JoystickManager.cpp"; sourceTree = "<group>"; };
		166A1E625CD752AC25F644C0 /* JoystickManager.h */ = {isa = PBXFileReference; lastKnownFileType = sourcecode.c.h; name = "JoystickManager.h"; path = "JoystickManager.h"; sourceTree = "<group>"; };
		27575CBD26C916BE41D535AE /* Log.h */ = {isa = PBXFileReference; lastKnownFileType = sourcecode.c.h; name = "Log.h"; path = "Log.h"; sourceTree = "<group>"; };
		243477DC0CBA1E727B70144A /* libunit.a */ = {isa = PBXFileReference; explicitFileType = archive.ar; includeInIndex = 0; name = "libunit.a"; path = "libunit.a"; sourceTree = BUILT_PRODUCTS_DIR; };
/* End PBXFileReference section */

/* Begin PBXFrameworksBuildPhase section */
		1EA773D67D0246E6614303F8 /* Frameworks */ = {
			isa = PBXFrameworksBuildPhase;
			buildActionMask = 2147483647;
			files = (
			);
			runOnlyForDeploymentPostprocessing = 0;
		};
/* End PBXFrameworksBuildPhase section */

/* Begin PBXGroup section */
		1FB408C006D6031566E570D3 /* unit */ = {
			isa = PBXGroup;
			children = (
				6009160B639C354C1B3D552C /* src */,
				629E19CB6ACE1FF717EA05A0 /* Products */,
			);
			name = "unit";
			sourceTree = "<group>";
		};
		6009160B639C354C1B3D552C /* src */ = {
			isa = PBXGroup;
			children = (
				7920611D5BBB7BFE75AD6ECF /* lib */,
			);
			name = "src";
			path = ../src;
			sourceTree = "<group>";
		};
		7920611D5BBB7BFE75AD6ECF /* lib */ = {
			isa = PBXGroup;
			children = (
				145B69E776E36E6F3AE6083C /* Common.h */,
				2F254133092E4CBD45285764 /* Config.cpp */,
				70084D1942E23F720C2025D7 /* Config.h */,
				02883BB1676612930DEE2D62 /* Device.h */,
				0D8D300672CF150908376EC3 /* JoystickDevice.cpp */,
				0B9037806A7C20C65F374314 /* JoystickDevice.h */,
				7A8B5F217AA11014276A29D6 /* JoystickManager.cpp */,
				166A1E625CD752AC25F644C0 /* JoystickManager.h */,
				27575CBD26C916BE41D535AE /* Log.h */,
			);
			name = "lib";
			path = lib;
			sourceTree = "<group>";
		};
		629E19CB6ACE1FF717EA05A0 /* Products */ = {
			isa = PBXGroup;
			children = (
				243477DC0CBA1E727B70144A /* libunit.a */,
			);
			name = "Products";
			sourceTree = "<group>";
		};
/* End PBXGroup section */

/* Begin PBXNativeTarget section */
		168D2FC425D8186D3E6F0963 /* unit */ = {
			isa = PBXNativeTarget;
			buildConfigurationList = 0006192A14D157524CF57576 /* Build configuration list for PBXNativeTarget "unit" */;
			buildPhases = (
				3C4D6D9169BD1285040F1A3E /* Resources */,
				73A853D74C93688B1BCF4AA9 /* Sources */,
				1EA773D67D0246E6614303F8 /* Frameworks */,
			);
			buildRules = (
			);
			dependencies = (
			);
			name = "unit";
			productName = "unit";
			productReference = 243477DC0CBA1E727B70144A /* libunit.a */;
			productType = "com.apple.product-type.library.static";
		};
/* End PBXNativeTarget section */

/* Begin PBXProject section */
		08FB7793FE84155DC02AAC07 /* Project object */ = {
			isa = PBXProject;
			buildConfigurationList = 1DEB928908733DD80010E9CD /* Build configuration list for PBXProject "unit" */;
			compatibilityVersion = "Xcode 3.1";
			hasScannedForEncodings = 1;
			mainGroup = 1FB408C006D6031566E570D3 /* unit */;
			projectDirPath = "";
			projectRoot = "";
			targets = (
				168D2FC425D8186D3E6F0963 /* libunit.a */,
			);
		};
/* End PBXProject section */

/* Begin PBXResourcesBuildPhase section */
		3C4D6D9169BD1285040F1A3E /* Resources */ = {
			isa = PBXResourcesBuildPhase;
			buildActionMask = 2147483647;
			files = (
			);
			runOnlyForDeploymentPostprocessing = 0;
		};
/* End PBXResourcesBuildPhase section */

/* Begin PBXSourcesBuildPhase section */
		73A853D74C93688B1BCF4AA9 /* Sources */ = {
			isa = PBXSourcesBuildPhase;
			buildActionMask = 2147483647;
			files = (
				789443F477985A564B742F8D /* Config.cpp in Sources */,
				710C74A26EE10F3C3C193522 /* JoystickDevice.cpp in Sources */,
				310579644EF610FF5E640B41 /* JoystickManager.cpp in Sources */,
			);
			runOnlyForDeploymentPostprocessing = 0;
		};
/* End PBXSourcesBuildPhase section */

/* Begin PBXVariantGroup section */
/* End PBXVariantGroup section */

/* Begin XCBuildConfiguration section */
		6D3569A911C13F74695845B3 /* Debug */ = {
			isa = XCBuildConfiguration;
			buildSettings = {
				ALWAYS_SEARCH_USER_PATHS = NO;
				CONFIGURATION_BUILD_DIR = ../src/lib;
				GCC_DYNAMIC_NO_PIC = NO;
				GCC_MODEL_TUNING = G5;
				INSTALL_PATH = /usr/local/lib;
				PRODUCT_NAME = "unit";
			};
			name = "Debug";
		};
		04361C7F57653A3845B17C8E /* Release */ = {
			isa = XCBuildConfiguration;
			buildSettings = {
				ALWAYS_SEARCH_USER_PATHS = NO;
				DEBUG_INFORMATION_FORMAT = "dwarf-with-dsym";
				CONFIGURATION_BUILD_DIR = ../src/lib;
				GCC_DYNAMIC_NO_PIC = NO;
				GCC_MODEL_TUNING = G5;
				INSTALL_PATH = /usr/local/lib;
				PRODUCT_NAME = "unit";
			};
			name = "Release";
		};
		6FBF13C23B4632336C3C0E2E /* Debug */ = {
			isa = XCBuildConfiguration;
			buildSettings = {
				ARCHS = "$(NATIVE_ARCH_ACTUAL)";
				CONFIGURATION_BUILD_DIR = "$(SYMROOT)";
				CONFIGURATION_TEMP_DIR = "$(OBJROOT)";
				COPY_PHASE_STRIP = NO;
				GCC_C_LANGUAGE_STANDARD = gnu99;
				GCC_ENABLE_FIX_AND_CONTINUE = YES;
				GCC_OPTIMIZATION_LEVEL = 0;
				GCC_PREPROCESSOR_DEFINITIONS = (
					"DEBUG",
				);
				GCC_WARN_ABOUT_RETURN_TYPE = YES;
				GCC_WARN_UNUSED_VARIABLE = YES;
				HEADER_SEARCH_PATHS = (
					"../src",
					"../externals",
					"../externals/xmlframework",
					"../externals/oscframework",
					"/usr/local/include",
					"/usr/local/include/SDL2",
					"src",
				);
				LIBRARY_SEARCH_PATHS = (
					"../externals/xmlframework",
					"../externals/oscframework",
					"/usr/local/lib",
				);
				OBJROOT = "../obj/Debug/unit";
				ONLY_ACTIVE_ARCH = NO;
				PREBINDING = NO;
				SYMROOT = "../src/lib";
			};
			name = "Debug";
		};
		60B914D3560A3CA31B4035B3 /* Release */ = {
			isa = XCBuildConfiguration;
			buildSettings = {
				ARCHS = "$(NATIVE_ARCH_ACTUAL)";
				CONFIGURATION_BUILD_DIR = "$(SYMROOT)";
				CONFIGURATION_TEMP_DIR = "$(OBJROOT)";
				GCC_C_LANGUAGE_STANDARD = gnu99;
				GCC_OPTIMIZATION_LEVEL = s;
				GCC_PREPROCESSOR_DEFINITIONS = (
					"NDEBUG",
				);
				GCC_WARN_ABOUT_RETURN_TYPE = YES;
				GCC_WARN_UNUSED_VARIABLE = YES;
				HEADER_SEARCH_PATHS = (
					"../src",
					"../externals",
					"../externals/xmlframework",
					"../externals/oscframework",
					"/usr/local/include",
					"/usr/local/include/SDL2",
					"src",
				);
				LIBRARY_SEARCH_PATHS = (
					"../externals/xmlframework",
					"../externals/oscframework",
					"/usr/local/lib",
				);
				OBJROOT = "../obj/Release/unit";
				ONLY_ACTIVE_ARCH = NO;
				PREBINDING = NO;
				SYMROOT = "../src/lib";
			};
			name = "Release";
		};
/* End XCBuildConfiguration section */

/* Begin XCConfigurationList section */
		0006192A14D157524CF57576 /* Build configuration list for PBXNativeTarget "libunit.a" */ = {
			isa = XCConfigurationList;
			buildConfigurations = (
				6D3569A911C13F74695845B3 /* Debug */,
				04361C7F57653A3845B17C8E /* Release */,
			);
			defaultConfigurationIsVisible = 0;
			defaultConfigurationName = "Debug";
		};
		1DEB928908733DD80010E9CD /* Build configuration list for PBXProject "unit" */ = {
			isa = XCConfigurationList;
			buildConfigurations = (
				6FBF13C23B4632336C3C0E2E /* Debug */,
				60B914D3560A3CA31B4035B3 /* Release */,
			);
			defaultConfigurationIsVisible = 0;
			defaultConfigurationName = "Debug";
		};
/* End XCConfigurationList section */

	};
	rootObject = 08FB7793FE84155DC02AAC07 /* Project object */;
}
