// !$*UTF8*$!
{
	archiveVersion = 1;
	classes = {
	};
	objectVersion = 45;
	objects = {

/* Begin PBXBuildFile section */
		26D45AA0555E454C2B2A7545 /* Config.cpp in Sources */ = {isa = PBXBuildFile; fileRef = 1208724D34414E3840F11A6F /* Config.cpp */; };
		12D7181328C73AA4045B2429 /* DeviceManager.cpp in Sources */ = {isa = PBXBuildFile; fileRef = 49417F7447DF088905C23A02 /* DeviceManager.cpp */; };
		7BAD31D4774F15173BB6347A /* GameController.cpp in Sources */ = {isa = PBXBuildFile; fileRef = 36F9454A0A2D11666085702A /* GameController.cpp */; };
		69E154A4645718BE7B87646C /* Joystick.cpp in Sources */ = {isa = PBXBuildFile; fileRef = 3FF776FF1DCE49240826308E /* Joystick.cpp */; };
		462535E429D42E2518D647A0 /* JoystickIgnore.cpp in Sources */ = {isa = PBXBuildFile; fileRef = 05262097495976EE26CE51B1 /* JoystickIgnore.cpp */; };
		3F7A19FD584D37654C77308C /* JoystickRemapping.cpp in Sources */ = {isa = PBXBuildFile; fileRef = 58A35575314D6B7B068C6763 /* JoystickRemapping.cpp */; };
/* End PBXBuildFile section */

/* Begin PBXFileReference section */
		59583DA7370C11F7169C0824 /* Common.h */ = {isa = PBXFileReference; lastKnownFileType = sourcecode.c.h; name = "Common.h"; path = "Common.h"; sourceTree = "<group>"; };
		1208724D34414E3840F11A6F /* Config.cpp */ = {isa = PBXFileReference; lastKnownFileType = sourcecode.cpp.cpp; name = "Config.cpp"; path = "Config.cpp"; sourceTree = "<group>"; };
		27581F74299D1CD71E5B0F3E /* Config.h */ = {isa = PBXFileReference; lastKnownFileType = sourcecode.c.h; name = "Config.h"; path = "Config.h"; sourceTree = "<group>"; };
		65CF1DAC180F2D1D76FD10DF /* Device.h */ = {isa = PBXFileReference; lastKnownFileType = sourcecode.c.h; name = "Device.h"; path = "Device.h"; sourceTree = "<group>"; };
		49417F7447DF088905C23A02 /* DeviceManager.cpp */ = {isa = PBXFileReference; lastKnownFileType = sourcecode.cpp.cpp; name = "DeviceManager.cpp"; path = "DeviceManager.cpp"; sourceTree = "<group>"; };
		17666A6B3CAD33872113723B /* DeviceManager.h */ = {isa = PBXFileReference; lastKnownFileType = sourcecode.c.h; name = "DeviceManager.h"; path = "DeviceManager.h"; sourceTree = "<group>"; };
		36F9454A0A2D11666085702A /* GameController.cpp */ = {isa = PBXFileReference; lastKnownFileType = sourcecode.cpp.cpp; name = "GameController.cpp"; path = "GameController.cpp"; sourceTree = "<group>"; };
		3E4945AE52631C4302974359 /* GameController.h */ = {isa = PBXFileReference; lastKnownFileType = sourcecode.c.h; name = "GameController.h"; path = "GameController.h"; sourceTree = "<group>"; };
		3FF776FF1DCE49240826308E /* Joystick.cpp */ = {isa = PBXFileReference; lastKnownFileType = sourcecode.cpp.cpp; name = "Joystick.cpp"; path = "Joystick.cpp"; sourceTree = "<group>"; };
		261148B7131D6DA175E860D9 /* Joystick.h */ = {isa = PBXFileReference; lastKnownFileType = sourcecode.c.h; name = "Joystick.h"; path = "Joystick.h"; sourceTree = "<group>"; };
		05262097495976EE26CE51B1 /* JoystickIgnore.cpp */ = {isa = PBXFileReference; lastKnownFileType = sourcecode.cpp.cpp; name = "JoystickIgnore.cpp"; path = "JoystickIgnore.cpp"; sourceTree = "<group>"; };
		64A52E4C152003FF7A6C05F0 /* JoystickIgnore.h */ = {isa = PBXFileReference; lastKnownFileType = sourcecode.c.h; name = "JoystickIgnore.h"; path = "JoystickIgnore.h"; sourceTree = "<group>"; };
		58A35575314D6B7B068C6763 /* JoystickRemapping.cpp */ = {isa = PBXFileReference; lastKnownFileType = sourcecode.cpp.cpp; name = "JoystickRemapping.cpp"; path = "JoystickRemapping.cpp"; sourceTree = "<group>"; };
		6A132AAA1584436D4B10346A /* JoystickRemapping.h */ = {isa = PBXFileReference; lastKnownFileType = sourcecode.c.h; name = "JoystickRemapping.h"; path = "JoystickRemapping.h"; sourceTree = "<group>"; };
		383D2EC06FAD4D983F1E53CE /* Log.h */ = {isa = PBXFileReference; lastKnownFileType = sourcecode.c.h; name = "Log.h"; path = "Log.h"; sourceTree = "<group>"; };
		34853E9203F83FF901DD0022 /* libunit.a */ = {isa = PBXFileReference; explicitFileType = archive.ar; includeInIndex = 0; name = "libunit.a"; path = "libunit.a"; sourceTree = BUILT_PRODUCTS_DIR; };
/* End PBXFileReference section */

/* Begin PBXFrameworksBuildPhase section */
		5DC96EDB0FA720BF6F6A4A18 /* Frameworks */ = {
			isa = PBXFrameworksBuildPhase;
			buildActionMask = 2147483647;
			files = (
			);
			runOnlyForDeploymentPostprocessing = 0;
		};
/* End PBXFrameworksBuildPhase section */

/* Begin PBXGroup section */
		2D066A132CCA254975EC6BC7 /* unit */ = {
			isa = PBXGroup;
			children = (
				7885090E18D23631095D74A9 /* src */,
				12574E9405B36B3F341A426F /* Products */,
			);
			name = "unit";
			sourceTree = "<group>";
		};
		7885090E18D23631095D74A9 /* src */ = {
			isa = PBXGroup;
			children = (
				391B2C247610340A24493726 /* lib */,
			);
			name = "src";
			path = ../src;
			sourceTree = "<group>";
		};
		391B2C247610340A24493726 /* lib */ = {
			isa = PBXGroup;
			children = (
				59583DA7370C11F7169C0824 /* Common.h */,
				1208724D34414E3840F11A6F /* Config.cpp */,
				27581F74299D1CD71E5B0F3E /* Config.h */,
				65CF1DAC180F2D1D76FD10DF /* Device.h */,
				49417F7447DF088905C23A02 /* DeviceManager.cpp */,
				17666A6B3CAD33872113723B /* DeviceManager.h */,
				36F9454A0A2D11666085702A /* GameController.cpp */,
				3E4945AE52631C4302974359 /* GameController.h */,
				3FF776FF1DCE49240826308E /* Joystick.cpp */,
				261148B7131D6DA175E860D9 /* Joystick.h */,
				05262097495976EE26CE51B1 /* JoystickIgnore.cpp */,
				64A52E4C152003FF7A6C05F0 /* JoystickIgnore.h */,
				58A35575314D6B7B068C6763 /* JoystickRemapping.cpp */,
				6A132AAA1584436D4B10346A /* JoystickRemapping.h */,
				383D2EC06FAD4D983F1E53CE /* Log.h */,
			);
			name = "lib";
			path = lib;
			sourceTree = "<group>";
		};
		12574E9405B36B3F341A426F /* Products */ = {
			isa = PBXGroup;
			children = (
				34853E9203F83FF901DD0022 /* libunit.a */,
			);
			name = "Products";
			sourceTree = "<group>";
		};
/* End PBXGroup section */

/* Begin PBXNativeTarget section */
		4A64128E4972798C7E330167 /* unit */ = {
			isa = PBXNativeTarget;
			buildConfigurationList = 12B46939268B22BD5DAF2A8D /* Build configuration list for PBXNativeTarget "unit" */;
			buildPhases = (
				40DC6BCA3BEE2DCE4B9546BF /* Resources */,
				640A7BAA141D34BB19262BBA /* Sources */,
				5DC96EDB0FA720BF6F6A4A18 /* Frameworks */,
			);
			buildRules = (
			);
			dependencies = (
			);
			name = "unit";
			productName = "unit";
			productReference = 34853E9203F83FF901DD0022 /* libunit.a */;
			productType = "com.apple.product-type.library.static";
		};
/* End PBXNativeTarget section */

/* Begin PBXProject section */
		08FB7793FE84155DC02AAC07 /* Project object */ = {
			isa = PBXProject;
			buildConfigurationList = 1DEB928908733DD80010E9CD /* Build configuration list for PBXProject "unit" */;
			compatibilityVersion = "Xcode 3.1";
			hasScannedForEncodings = 1;
			mainGroup = 2D066A132CCA254975EC6BC7 /* unit */;
			projectDirPath = "";
			projectRoot = "";
			targets = (
				4A64128E4972798C7E330167 /* libunit.a */,
			);
		};
/* End PBXProject section */

/* Begin PBXResourcesBuildPhase section */
		40DC6BCA3BEE2DCE4B9546BF /* Resources */ = {
			isa = PBXResourcesBuildPhase;
			buildActionMask = 2147483647;
			files = (
			);
			runOnlyForDeploymentPostprocessing = 0;
		};
/* End PBXResourcesBuildPhase section */

/* Begin PBXSourcesBuildPhase section */
		640A7BAA141D34BB19262BBA /* Sources */ = {
			isa = PBXSourcesBuildPhase;
			buildActionMask = 2147483647;
			files = (
				26D45AA0555E454C2B2A7545 /* Config.cpp in Sources */,
				12D7181328C73AA4045B2429 /* DeviceManager.cpp in Sources */,
				7BAD31D4774F15173BB6347A /* GameController.cpp in Sources */,
				69E154A4645718BE7B87646C /* Joystick.cpp in Sources */,
				462535E429D42E2518D647A0 /* JoystickIgnore.cpp in Sources */,
				3F7A19FD584D37654C77308C /* JoystickRemapping.cpp in Sources */,
			);
			runOnlyForDeploymentPostprocessing = 0;
		};
/* End PBXSourcesBuildPhase section */

/* Begin PBXVariantGroup section */
/* End PBXVariantGroup section */

/* Begin XCBuildConfiguration section */
		780328414ABD772731C84232 /* Debug */ = {
			isa = XCBuildConfiguration;
			buildSettings = {
				ALWAYS_SEARCH_USER_PATHS = NO;
				CONFIGURATION_BUILD_DIR = ../src/lib;
				GCC_DYNAMIC_NO_PIC = NO;
				GCC_MODEL_TUNING = G5;
				INSTALL_PATH = /usr/local/lib;
				PRODUCT_NAME = "unit";
			};
			name = "Debug";
		};
		52AA4DC40A7749025012010D /* Release */ = {
			isa = XCBuildConfiguration;
			buildSettings = {
				ALWAYS_SEARCH_USER_PATHS = NO;
				DEBUG_INFORMATION_FORMAT = "dwarf-with-dsym";
				CONFIGURATION_BUILD_DIR = ../src/lib;
				GCC_DYNAMIC_NO_PIC = NO;
				GCC_MODEL_TUNING = G5;
				INSTALL_PATH = /usr/local/lib;
				PRODUCT_NAME = "unit";
			};
			name = "Release";
		};
		043561C159CA0345569D0CE0 /* Debug */ = {
			isa = XCBuildConfiguration;
			buildSettings = {
				ARCHS = "$(NATIVE_ARCH_ACTUAL)";
				CONFIGURATION_BUILD_DIR = "$(SYMROOT)";
				CONFIGURATION_TEMP_DIR = "$(OBJROOT)";
				COPY_PHASE_STRIP = NO;
				GCC_C_LANGUAGE_STANDARD = gnu99;
				GCC_ENABLE_FIX_AND_CONTINUE = YES;
				GCC_OPTIMIZATION_LEVEL = 0;
				GCC_PREPROCESSOR_DEFINITIONS = (
					"DEBUG",
				);
				GCC_WARN_ABOUT_RETURN_TYPE = YES;
				GCC_WARN_UNUSED_VARIABLE = YES;
				HEADER_SEARCH_PATHS = (
					"../src",
					"../externals",
					"../externals/xmlframework",
					"../externals/oscframework",
					"/usr/local/include",
					"/usr/local/include/SDL2",
					"src",
				);
				LIBRARY_SEARCH_PATHS = (
					"../externals/xmlframework",
					"../externals/oscframework",
					"/usr/local/lib",
				);
				OBJROOT = "../obj/Debug/unit";
				ONLY_ACTIVE_ARCH = NO;
				PREBINDING = NO;
				SYMROOT = "../src/lib";
			};
			name = "Debug";
		};
		1D6D606E6C9E18DB630658F6 /* Release */ = {
			isa = XCBuildConfiguration;
			buildSettings = {
				ARCHS = "$(NATIVE_ARCH_ACTUAL)";
				CONFIGURATION_BUILD_DIR = "$(SYMROOT)";
				CONFIGURATION_TEMP_DIR = "$(OBJROOT)";
				GCC_C_LANGUAGE_STANDARD = gnu99;
				GCC_OPTIMIZATION_LEVEL = s;
				GCC_PREPROCESSOR_DEFINITIONS = (
					"NDEBUG",
				);
				GCC_WARN_ABOUT_RETURN_TYPE = YES;
				GCC_WARN_UNUSED_VARIABLE = YES;
				HEADER_SEARCH_PATHS = (
					"../src",
					"../externals",
					"../externals/xmlframework",
					"../externals/oscframework",
					"/usr/local/include",
					"/usr/local/include/SDL2",
					"src",
				);
				LIBRARY_SEARCH_PATHS = (
					"../externals/xmlframework",
					"../externals/oscframework",
					"/usr/local/lib",
				);
				OBJROOT = "../obj/Release/unit";
				ONLY_ACTIVE_ARCH = NO;
				PREBINDING = NO;
				SYMROOT = "../src/lib";
			};
			name = "Release";
		};
/* End XCBuildConfiguration section */

/* Begin XCConfigurationList section */
		12B46939268B22BD5DAF2A8D /* Build configuration list for PBXNativeTarget "libunit.a" */ = {
			isa = XCConfigurationList;
			buildConfigurations = (
				780328414ABD772731C84232 /* Debug */,
				52AA4DC40A7749025012010D /* Release */,
			);
			defaultConfigurationIsVisible = 0;
			defaultConfigurationName = "Debug";
		};
		1DEB928908733DD80010E9CD /* Build configuration list for PBXProject "unit" */ = {
			isa = XCConfigurationList;
			buildConfigurations = (
				043561C159CA0345569D0CE0 /* Debug */,
				1D6D606E6C9E18DB630658F6 /* Release */,
			);
			defaultConfigurationIsVisible = 0;
			defaultConfigurationName = "Debug";
		};
/* End XCConfigurationList section */

	};
	rootObject = 08FB7793FE84155DC02AAC07 /* Project object */;
}
