// !$*UTF8*$!
{
	archiveVersion = 1;
	classes = {
	};
	objectVersion = 45;
	objects = {

/* Begin PBXBuildFile section */
		2D6420EE79CB001272557532 /* Config.cpp in Sources */ = {isa = PBXBuildFile; fileRef = 7E047013077D001272557532 /* Config.cpp */; };
		74DB066A4E83001272557532 /* JoystickDevice.cpp in Sources */ = {isa = PBXBuildFile; fileRef = 4C25225D439A001272557532 /* JoystickDevice.cpp */; };
		546F60732FD4001272557532 /* JoystickManager.cpp in Sources */ = {isa = PBXBuildFile; fileRef = 086C268A3841001272557532 /* JoystickManager.cpp */; };
/* End PBXBuildFile section */

/* Begin PBXFileReference section */
		5F312E311958001272557532 /* Common.h */ = {isa = PBXFileReference; lastKnownFileType = sourcecode.c.h; name = "Common.h"; path = "Common.h"; sourceTree = "<group>"; };
		7E047013077D001272557532 /* Config.cpp */ = {isa = PBXFileReference; lastKnownFileType = sourcecode.cpp.cpp; name = "Config.cpp"; path = "Config.cpp"; sourceTree = "<group>"; };
		05376D5E5B78001272557532 /* Config.h */ = {isa = PBXFileReference; lastKnownFileType = sourcecode.c.h; name = "Config.h"; path = "Config.h"; sourceTree = "<group>"; };
		59F97F1C10B8001272557532 /* Device.h */ = {isa = PBXFileReference; lastKnownFileType = sourcecode.c.h; name = "Device.h"; path = "Device.h"; sourceTree = "<group>"; };
		4C25225D439A001272557532 /* JoystickDevice.cpp */ = {isa = PBXFileReference; lastKnownFileType = sourcecode.cpp.cpp; name = "JoystickDevice.cpp"; path = "JoystickDevice.cpp"; sourceTree = "<group>"; };
		001858347311001272557532 /* JoystickDevice.h */ = {isa = PBXFileReference; lastKnownFileType = sourcecode.c.h; name = "JoystickDevice.h"; path = "JoystickDevice.h"; sourceTree = "<group>"; };
		086C268A3841001272557532 /* JoystickManager.cpp */ = {isa = PBXFileReference; lastKnownFileType = sourcecode.cpp.cpp; name = "JoystickManager.cpp"; path = "JoystickManager.cpp"; sourceTree = "<group>"; };
		243C61BD5401001272557532 /* JoystickManager.h */ = {isa = PBXFileReference; lastKnownFileType = sourcecode.c.h; name = "JoystickManager.h"; path = "JoystickManager.h"; sourceTree = "<group>"; };
		276230FB5D8B001272557532 /* Log.h */ = {isa = PBXFileReference; lastKnownFileType = sourcecode.c.h; name = "Log.h"; path = "Log.h"; sourceTree = "<group>"; };
		40A874D21C8A001272557532 /* libunit.a */ = {isa = PBXFileReference; explicitFileType = archive.ar; includeInIndex = 0; name = "libunit.a"; path = "libunit.a"; sourceTree = BUILT_PRODUCTS_DIR; };
/* End PBXFileReference section */

/* Begin PBXFrameworksBuildPhase section */
		204E0FC833DF001272557532 /* Frameworks */ = {
			isa = PBXFrameworksBuildPhase;
			buildActionMask = 2147483647;
			files = (
			);
			runOnlyForDeploymentPostprocessing = 0;
		};
/* End PBXFrameworksBuildPhase section */

/* Begin PBXGroup section */
		7BB136613B61001272557532 /* unit */ = {
			isa = PBXGroup;
			children = (
				6612290B276C001272557532 /* src */,
				6C4360A524F0001272557532 /* Products */,
			);
			name = unit;
			sourceTree = "<group>";
		};
		6612290B276C001272557532 /* src */ = {
			isa = PBXGroup;
			children = (
				2E642A7171CB001272557532 /* lib */,
			);
			name = src;
			path = ../src;
			sourceTree = "<group>";
		};
		2E642A7171CB001272557532 /* lib */ = {
			isa = PBXGroup;
			children = (
				5F312E311958001272557532 /* Common.h */,
				7E047013077D001272557532 /* Config.cpp */,
				05376D5E5B78001272557532 /* Config.h */,
				59F97F1C10B8001272557532 /* Device.h */,
				4C25225D439A001272557532 /* JoystickDevice.cpp */,
				001858347311001272557532 /* JoystickDevice.h */,
				086C268A3841001272557532 /* JoystickManager.cpp */,
				243C61BD5401001272557532 /* JoystickManager.h */,
				276230FB5D8B001272557532 /* Log.h */,
			);
			name = lib;
			path = lib;
			sourceTree = "<group>";
		};
		6C4360A524F0001272557532 /* Products */ = {
			isa = PBXGroup;
			children = (
				40A874D21C8A001272557532 /* libunit.a */,
			);
			name = Products;
			sourceTree = "<group>";
		};
/* End PBXGroup section */

/* Begin PBXNativeTarget section */
		3C961E94458F001272557532 /* unit */ = {
			isa = PBXNativeTarget;
			buildConfigurationList = 247643DD187B001272557532 /* Build configuration list for PBXNativeTarget "unit" */;
			buildPhases = (
				59996A012944001272557532 /* Resources */,
				5EDD093F30C8001272557532 /* Sources */,
				204E0FC833DF001272557532 /* Frameworks */,
			);
			buildRules = (
			);
			dependencies = (
			);
			name = unit;
			productName = unit;
			productReference = 40A874D21C8A001272557532 /* libunit.a */;
			productType = "com.apple.product-type.library.static";
		};
/* End PBXNativeTarget section */

/* Begin PBXProject section */
		08FB7793FE84155DC02AAC07 /* Project object */ = {
			isa = PBXProject;
			buildConfigurationList = 1DEB928908733DD80010E9CD /* Build configuration list for PBXProject "unit" */;
			compatibilityVersion = "Xcode 3.1";
			hasScannedForEncodings = 1;
			mainGroup = 7BB136613B61001272557532 /* unit */;
			projectDirPath = "";
			projectRoot = "";
			targets = (
				3C961E94458F001272557532 /* libunit.a */,
			);
		};
/* End PBXProject section */

/* Begin PBXResourcesBuildPhase section */
		59996A012944001272557532 /* Resources */ = {
			isa = PBXResourcesBuildPhase;
			buildActionMask = 2147483647;
			files = (
			);
			runOnlyForDeploymentPostprocessing = 0;
		};
/* End PBXResourcesBuildPhase section */

/* Begin PBXSourcesBuildPhase section */
		5EDD093F30C8001272557532 /* Sources */ = {
			isa = PBXSourcesBuildPhase;
			buildActionMask = 2147483647;
			files = (
				2D6420EE79CB001272557532 /* Config.cpp in Sources */,
				74DB066A4E83001272557532 /* JoystickDevice.cpp in Sources */,
				546F60732FD4001272557532 /* JoystickManager.cpp in Sources */,
			);
			runOnlyForDeploymentPostprocessing = 0;
		};
/* End PBXSourcesBuildPhase section */

/* Begin PBXVariantGroup section */
/* End PBXVariantGroup section */

/* Begin XCBuildConfiguration section */
		7FF01BE4291A001272557532 /* Debug */ = {
			isa = XCBuildConfiguration;
			buildSettings = {
				ALWAYS_SEARCH_USER_PATHS = NO;
				CONFIGURATION_BUILD_DIR = ../lib;
				GCC_DYNAMIC_NO_PIC = NO;
				GCC_MODEL_TUNING = G5;
				INSTALL_PATH = /usr/local/lib;
				PRODUCT_NAME = "unit";
			};
			name = "Debug";
		};
		3B9E41F14F77001272557532 /* Release */ = {
			isa = XCBuildConfiguration;
			buildSettings = {
				ALWAYS_SEARCH_USER_PATHS = NO;
				DEBUG_INFORMATION_FORMAT = "dwarf-with-dsym";
				CONFIGURATION_BUILD_DIR = ../lib;
				GCC_DYNAMIC_NO_PIC = NO;
				GCC_MODEL_TUNING = G5;
				INSTALL_PATH = /usr/local/lib;
				PRODUCT_NAME = "unit";
			};
			name = "Release";
		};
		118C39D6503C001272557532 /* Debug */ = {
			isa = XCBuildConfiguration;
			buildSettings = {
				ARCHS = "$(NATIVE_ARCH_ACTUAL)";
				CONFIGURATION_BUILD_DIR = "$(SYMROOT)";
				CONFIGURATION_TEMP_DIR = "$(OBJROOT)";
				COPY_PHASE_STRIP = NO;
				GCC_C_LANGUAGE_STANDARD = gnu99;
				GCC_ENABLE_FIX_AND_CONTINUE = YES;
				GCC_OPTIMIZATION_LEVEL = 0;
				GCC_PREPROCESSOR_DEFINITIONS = (
					"DEBUG",
				);
				GCC_WARN_ABOUT_RETURN_TYPE = YES;
				GCC_WARN_UNUSED_VARIABLE = YES;
				HEADER_SEARCH_PATHS = (
					"../src",
					"../externals",
					"../externals/xmlframework",
					"../externals/oscframework",
					"../../../../../../../opt/local/include",
				);
				LIBRARY_SEARCH_PATHS = (
					"../externals/xmlframework",
					"../externals/oscframework",
					"../../../../../../../opt/local/lib",
				);
				OBJROOT = "../obj/Debug/unit";
				ONLY_ACTIVE_ARCH = NO;
				PREBINDING = NO;
				SYMROOT = "../lib";
			};
			name = "Debug";
		};
		2FDC54B43266001272557532 /* Release */ = {
			isa = XCBuildConfiguration;
			buildSettings = {
				ARCHS = "$(NATIVE_ARCH_ACTUAL)";
				CONFIGURATION_BUILD_DIR = "$(SYMROOT)";
				CONFIGURATION_TEMP_DIR = "$(OBJROOT)";
				GCC_C_LANGUAGE_STANDARD = gnu99;
				GCC_OPTIMIZATION_LEVEL = s;
				GCC_PREPROCESSOR_DEFINITIONS = (
					"NDEBUG",
				);
				GCC_WARN_ABOUT_RETURN_TYPE = YES;
				GCC_WARN_UNUSED_VARIABLE = YES;
				HEADER_SEARCH_PATHS = (
					"../src",
					"../externals",
					"../externals/xmlframework",
					"../externals/oscframework",
					"../../../../../../../opt/local/include",
				);
				LIBRARY_SEARCH_PATHS = (
					"../externals/xmlframework",
					"../externals/oscframework",
					"../../../../../../../opt/local/lib",
				);
				OBJROOT = "../obj/Release/unit";
				ONLY_ACTIVE_ARCH = NO;
				PREBINDING = NO;
				SYMROOT = "../lib";
			};
			name = "Release";
		};
/* End XCBuildConfiguration section */

/* Begin XCConfigurationList section */
		247643DD187B001272557532 /* Build configuration list for PBXNativeTarget "libunit.a" */ = {
			isa = XCConfigurationList;
			buildConfigurations = (
				7FF01BE4291A001272557532 /* Debug */,
				3B9E41F14F77001272557532 /* Release */,
			);
			defaultConfigurationIsVisible = 0;
			defaultConfigurationName = "Debug";
		};
		1DEB928908733DD80010E9CD /* Build configuration list for PBXProject "unit" */ = {
			isa = XCConfigurationList;
			buildConfigurations = (
				118C39D6503C001272557532 /* Debug */,
				2FDC54B43266001272557532 /* Release */,
			);
			defaultConfigurationIsVisible = 0;
			defaultConfigurationName = "Debug";
		};
/* End XCConfigurationList section */

	};
	rootObject = 08FB7793FE84155DC02AAC07 /* Project object */;
}
