// !$*UTF8*$!
{
	archiveVersion = 1;
	classes = {
	};
	objectVersion = 45;
	objects = {

/* Begin PBXBuildFile section */
		5F406FAC22F92CBA17482A82 /* main.cpp in Sources */ = {isa = PBXBuildFile; fileRef = 1E55142E0A447D3A0D8E032A /* main.cpp */; };
/* End PBXBuildFile section */

/* Begin PBXFileReference section */
		1E55142E0A447D3A0D8E032A /* main.cpp */ = {isa = PBXFileReference; lastKnownFileType = sourcecode.cpp.cpp; name = "main.cpp"; path = "main.cpp"; sourceTree = "<group>"; };
		541F56517EAF3EA643D842CB /* lsjs */ = {isa = PBXFileReference; explicitFileType = "compiled.mach-o.executable"; includeInIndex = 0; name = "lsjs"; path = "lsjs"; sourceTree = BUILT_PRODUCTS_DIR; };
/* End PBXFileReference section */

/* Begin PBXFrameworksBuildPhase section */
		4B7255B64880756163AD7705 /* Frameworks */ = {
			isa = PBXFrameworksBuildPhase;
			buildActionMask = 2147483647;
			files = (
			);
			runOnlyForDeploymentPostprocessing = 0;
		};
/* End PBXFrameworksBuildPhase section */

/* Begin PBXGroup section */
		1A7303F009140C3E40AC076D /* lsjs */ = {
			isa = PBXGroup;
			children = (
				3F1A61426F941D9C7BE272F8 /* src */,
				4843528D2F9564AD44304928 /* Products */,
			);
			name = "lsjs";
			sourceTree = "<group>";
		};
		3F1A61426F941D9C7BE272F8 /* src */ = {
			isa = PBXGroup;
			children = (
				0D4427E768587C8310B8553D /* lsjs */,
			);
			name = "src";
			path = ../src;
			sourceTree = "<group>";
		};
		0D4427E768587C8310B8553D /* lsjs */ = {
			isa = PBXGroup;
			children = (
				1E55142E0A447D3A0D8E032A /* main.cpp */,
			);
			name = "lsjs";
			path = lsjs;
			sourceTree = "<group>";
		};
		4843528D2F9564AD44304928 /* Products */ = {
			isa = PBXGroup;
			children = (
				541F56517EAF3EA643D842CB /* lsjs */,
			);
			name = "Products";
			sourceTree = "<group>";
		};
/* End PBXGroup section */

/* Begin PBXNativeTarget section */
		21ED78A20CE72E2C4C6F1B8C /* lsjs */ = {
			isa = PBXNativeTarget;
			buildConfigurationList = 0E092021574372B16E29788A /* Build configuration list for PBXNativeTarget "lsjs" */;
			buildPhases = (
				3B3A7A7129446D5B03C45C95 /* Resources */,
				459D555D0B3C44EF64C633C3 /* Sources */,
				4B7255B64880756163AD7705 /* Frameworks */,
			);
			buildRules = (
			);
			dependencies = (
			);
			name = "lsjs";
			productInstallPath = "$(HOME)/bin";
			productName = "lsjs";
			productReference = 541F56517EAF3EA643D842CB /* lsjs */;
			productType = "com.apple.product-type.tool";
		};
/* End PBXNativeTarget section */

/* Begin PBXProject section */
		08FB7793FE84155DC02AAC07 /* Project object */ = {
			isa = PBXProject;
			buildConfigurationList = 1DEB928908733DD80010E9CD /* Build configuration list for PBXProject "lsjs" */;
			compatibilityVersion = "Xcode 3.1";
			hasScannedForEncodings = 1;
			mainGroup = 1A7303F009140C3E40AC076D /* lsjs */;
			projectDirPath = "";
			projectRoot = "";
			targets = (
				21ED78A20CE72E2C4C6F1B8C /* lsjs */,
			);
		};
/* End PBXProject section */

/* Begin PBXResourcesBuildPhase section */
		3B3A7A7129446D5B03C45C95 /* Resources */ = {
			isa = PBXResourcesBuildPhase;
			buildActionMask = 2147483647;
			files = (
			);
			runOnlyForDeploymentPostprocessing = 0;
		};
/* End PBXResourcesBuildPhase section */

/* Begin PBXSourcesBuildPhase section */
		459D555D0B3C44EF64C633C3 /* Sources */ = {
			isa = PBXSourcesBuildPhase;
			buildActionMask = 2147483647;
			files = (
				5F406FAC22F92CBA17482A82 /* main.cpp in Sources */,
			);
			runOnlyForDeploymentPostprocessing = 0;
		};
/* End PBXSourcesBuildPhase section */

/* Begin PBXVariantGroup section */
/* End PBXVariantGroup section */

/* Begin XCBuildConfiguration section */
		109E30CE50590A9C0B9723CF /* Debug */ = {
			isa = XCBuildConfiguration;
			buildSettings = {
				ALWAYS_SEARCH_USER_PATHS = NO;
				CONFIGURATION_BUILD_DIR = ../src/lsjs;
				GCC_DYNAMIC_NO_PIC = NO;
				GCC_MODEL_TUNING = G5;
				INSTALL_PATH = /usr/local/bin;
				PRODUCT_NAME = "lsjs";
			};
			name = "Debug";
		};
		3DC165EA1EF5739F5D4E5EE3 /* Release */ = {
			isa = XCBuildConfiguration;
			buildSettings = {
				ALWAYS_SEARCH_USER_PATHS = NO;
				DEBUG_INFORMATION_FORMAT = "dwarf-with-dsym";
				CONFIGURATION_BUILD_DIR = ../src/lsjs;
				GCC_DYNAMIC_NO_PIC = NO;
				GCC_MODEL_TUNING = G5;
				INSTALL_PATH = /usr/local/bin;
				PRODUCT_NAME = "lsjs";
			};
			name = "Release";
		};
		6BBF52BC46EF76825D140291 /* Debug */ = {
			isa = XCBuildConfiguration;
			buildSettings = {
				ARCHS = "$(NATIVE_ARCH_ACTUAL)";
				CONFIGURATION_BUILD_DIR = "$(SYMROOT)";
				CONFIGURATION_TEMP_DIR = "$(OBJROOT)";
				COPY_PHASE_STRIP = NO;
				GCC_C_LANGUAGE_STANDARD = gnu99;
				GCC_ENABLE_FIX_AND_CONTINUE = YES;
				GCC_OPTIMIZATION_LEVEL = 0;
				GCC_PREPROCESSOR_DEFINITIONS = (
					"DEBUG",
				);
				GCC_WARN_ABOUT_RETURN_TYPE = YES;
				GCC_WARN_UNUSED_VARIABLE = YES;
				HEADER_SEARCH_PATHS = (
					"../src",
					"../lib/cpphelpers",
					"../lib/cpphelpers/tclap",
					"/usr/local/include",
					"/usr/local/include/SDL2",
					"/opt/local/include",
				);
				LIBRARY_SEARCH_PATHS = (
					"/usr/local/lib",
					"/opt/local/lib",
				);
				OBJROOT = "obj/Debug/lsjs";
				ONLY_ACTIVE_ARCH = NO;
				OTHER_CFLAGS = (
					"-DHAVE_CONFIG_H",
				);
				OTHER_LDFLAGS = (
					"-lSDL2",
					"-Wl,-framework,Cocoa",
					"-Wl,-framework,OpenGL",
					"-Wl,-framework,ApplicationServices",
					"-Wl,-framework,Carbon",
					"-Wl,-framework,AudioToolbox",
					"-Wl,-framework,AudioUnit",
					"-Wl,-framework,IOKit",
				);
				PREBINDING = NO;
				SYMROOT = "../src/lsjs";
			};
			name = "Debug";
		};
		3F1678E4723E058828AF2BA2 /* Release */ = {
			isa = XCBuildConfiguration;
			buildSettings = {
				ARCHS = "$(NATIVE_ARCH_ACTUAL)";
				CONFIGURATION_BUILD_DIR = "$(SYMROOT)";
				CONFIGURATION_TEMP_DIR = "$(OBJROOT)";
				GCC_C_LANGUAGE_STANDARD = gnu99;
				GCC_OPTIMIZATION_LEVEL = s;
				GCC_PREPROCESSOR_DEFINITIONS = (
					"NDEBUG",
				);
				GCC_WARN_ABOUT_RETURN_TYPE = YES;
				GCC_WARN_UNUSED_VARIABLE = YES;
				HEADER_SEARCH_PATHS = (
					"../src",
					"../lib/cpphelpers",
					"../lib/cpphelpers/tclap",
					"/usr/local/include",
					"/usr/local/include/SDL2",
					"/opt/local/include",
				);
				LIBRARY_SEARCH_PATHS = (
					"/usr/local/lib",
					"/opt/local/lib",
				);
				OBJROOT = "obj/Release/lsjs";
				ONLY_ACTIVE_ARCH = NO;
				OTHER_CFLAGS = (
					"-DHAVE_CONFIG_H",
				);
				OTHER_LDFLAGS = (
					"-lSDL2",
					"-Wl,-framework,Cocoa",
					"-Wl,-framework,OpenGL",
					"-Wl,-framework,ApplicationServices",
					"-Wl,-framework,Carbon",
					"-Wl,-framework,AudioToolbox",
					"-Wl,-framework,AudioUnit",
					"-Wl,-framework,IOKit",
				);
				PREBINDING = NO;
				SYMROOT = "../src/lsjs";
			};
			name = "Release";
		};
/* End XCBuildConfiguration section */

/* Begin XCConfigurationList section */
		0E092021574372B16E29788A /* Build configuration list for PBXNativeTarget "lsjs" */ = {
			isa = XCConfigurationList;
			buildConfigurations = (
				109E30CE50590A9C0B9723CF /* Debug */,
				3DC165EA1EF5739F5D4E5EE3 /* Release */,
			);
			defaultConfigurationIsVisible = 0;
			defaultConfigurationName = "Debug";
		};
		1DEB928908733DD80010E9CD /* Build configuration list for PBXProject "lsjs" */ = {
			isa = XCConfigurationList;
			buildConfigurations = (
				6BBF52BC46EF76825D140291 /* Debug */,
				3F1678E4723E058828AF2BA2 /* Release */,
			);
			defaultConfigurationIsVisible = 0;
			defaultConfigurationName = "Debug";
		};
/* End XCConfigurationList section */

	};
	rootObject = 08FB7793FE84155DC02AAC07 /* Project object */;
}
