// !$*UTF8*$!
{
	archiveVersion = 1;
	classes = {
	};
	objectVersion = 45;
	objects = {

/* Begin PBXBuildFile section */
		4D105EF065EC001272557532 /* main.cpp in Sources */ = {isa = PBXBuildFile; fileRef = 30C013890D7A001272557532 /* main.cpp */; };
/* End PBXBuildFile section */

/* Begin PBXFileReference section */
		30C013890D7A001272557532 /* main.cpp */ = {isa = PBXFileReference; lastKnownFileType = sourcecode.cpp.cpp; name = "main.cpp"; path = "main.cpp"; sourceTree = "<group>"; };
		18FF4EA025D2001272557532 /* lsjs */ = {isa = PBXFileReference; explicitFileType = "compiled.mach-o.executable"; includeInIndex = 0; name = "lsjs"; path = "lsjs"; sourceTree = BUILT_PRODUCTS_DIR; };
/* End PBXFileReference section */

/* Begin PBXFrameworksBuildPhase section */
		23520B107163001272557532 /* Frameworks */ = {
			isa = PBXFrameworksBuildPhase;
			buildActionMask = 2147483647;
			files = (
			);
			runOnlyForDeploymentPostprocessing = 0;
		};
/* End PBXFrameworksBuildPhase section */

/* Begin PBXGroup section */
		47667E782429001272557532 /* lsjs */ = {
			isa = PBXGroup;
			children = (
				2F91171C39E9001272557532 /* src */,
				00AA388158D7001272557532 /* Products */,
			);
			name = lsjs;
			sourceTree = "<group>";
		};
		2F91171C39E9001272557532 /* src */ = {
			isa = PBXGroup;
			children = (
				2B23224D2433001272557532 /* lsjs */,
			);
			name = src;
			path = ../src;
			sourceTree = "<group>";
		};
		2B23224D2433001272557532 /* lsjs */ = {
			isa = PBXGroup;
			children = (
				30C013890D7A001272557532 /* main.cpp */,
			);
			name = lsjs;
			path = lsjs;
			sourceTree = "<group>";
		};
		00AA388158D7001272557532 /* Products */ = {
			isa = PBXGroup;
			children = (
				18FF4EA025D2001272557532 /* lsjs */,
			);
			name = Products;
			sourceTree = "<group>";
		};
/* End PBXGroup section */

/* Begin PBXNativeTarget section */
		19B411166B44001272557532 /* lsjs */ = {
			isa = PBXNativeTarget;
			buildConfigurationList = 174979021079001272557532 /* Build configuration list for PBXNativeTarget "lsjs" */;
			buildPhases = (
				31D00E833F14001272557532 /* Resources */,
				4E650A77273F001272557532 /* Sources */,
				23520B107163001272557532 /* Frameworks */,
			);
			buildRules = (
			);
			dependencies = (
			);
			name = lsjs;
			productInstallPath = "$(HOME)/bin";
			productName = lsjs;
			productReference = 18FF4EA025D2001272557532 /* lsjs */;
			productType = "com.apple.product-type.tool";
		};
/* End PBXNativeTarget section */

/* Begin PBXProject section */
		08FB7793FE84155DC02AAC07 /* Project object */ = {
			isa = PBXProject;
			buildConfigurationList = 1DEB928908733DD80010E9CD /* Build configuration list for PBXProject "lsjs" */;
			compatibilityVersion = "Xcode 3.1";
			hasScannedForEncodings = 1;
			mainGroup = 47667E782429001272557532 /* lsjs */;
			projectDirPath = "";
			projectRoot = "";
			targets = (
				19B411166B44001272557532 /* lsjs */,
			);
		};
/* End PBXProject section */

/* Begin PBXResourcesBuildPhase section */
		31D00E833F14001272557532 /* Resources */ = {
			isa = PBXResourcesBuildPhase;
			buildActionMask = 2147483647;
			files = (
			);
			runOnlyForDeploymentPostprocessing = 0;
		};
/* End PBXResourcesBuildPhase section */

/* Begin PBXSourcesBuildPhase section */
		4E650A77273F001272557532 /* Sources */ = {
			isa = PBXSourcesBuildPhase;
			buildActionMask = 2147483647;
			files = (
				4D105EF065EC001272557532 /* main.cpp in Sources */,
			);
			runOnlyForDeploymentPostprocessing = 0;
		};
/* End PBXSourcesBuildPhase section */

/* Begin PBXVariantGroup section */
/* End PBXVariantGroup section */

/* Begin XCBuildConfiguration section */
		406279BF6FAF001272557532 /* Debug */ = {
			isa = XCBuildConfiguration;
			buildSettings = {
				ALWAYS_SEARCH_USER_PATHS = NO;
				CONFIGURATION_BUILD_DIR = ../bin;
				GCC_DYNAMIC_NO_PIC = NO;
				GCC_MODEL_TUNING = G5;
				INSTALL_PATH = /usr/local/bin;
				PRODUCT_NAME = "lsjs";
			};
			name = "Debug";
		};
		133A69DE2927001272557532 /* Release */ = {
			isa = XCBuildConfiguration;
			buildSettings = {
				ALWAYS_SEARCH_USER_PATHS = NO;
				DEBUG_INFORMATION_FORMAT = "dwarf-with-dsym";
				CONFIGURATION_BUILD_DIR = ../bin;
				GCC_DYNAMIC_NO_PIC = NO;
				GCC_MODEL_TUNING = G5;
				INSTALL_PATH = /usr/local/bin;
				PRODUCT_NAME = "lsjs";
			};
			name = "Release";
		};
		7D1E3EFB6321001272557532 /* Debug */ = {
			isa = XCBuildConfiguration;
			buildSettings = {
				ARCHS = "$(NATIVE_ARCH_ACTUAL)";
				CONFIGURATION_BUILD_DIR = "$(SYMROOT)";
				CONFIGURATION_TEMP_DIR = "$(OBJROOT)";
				COPY_PHASE_STRIP = NO;
				GCC_C_LANGUAGE_STANDARD = gnu99;
				GCC_ENABLE_FIX_AND_CONTINUE = YES;
				GCC_OPTIMIZATION_LEVEL = 0;
				GCC_PREPROCESSOR_DEFINITIONS = (
					"DEBUG",
				);
				GCC_WARN_ABOUT_RETURN_TYPE = YES;
				GCC_WARN_UNUSED_VARIABLE = YES;
				HEADER_SEARCH_PATHS = (
					"../src",
					"../src/lib",
					"../externals",
					"../externals/xmlframework",
					"../externals/oscframework",
					"../../../../../../../opt/local/include",
				);
				LIBRARY_SEARCH_PATHS = (
					"../../../../../../../opt/local/lib",
				);
				OBJROOT = "../obj/Debug/lsjs";
				ONLY_ACTIVE_ARCH = NO;
				OTHER_LDFLAGS = (
					"-lSDLmain",
					"-lSDL",
					"-Wl,-framework,Cocoa",
					"-Wl,-framework,OpenGL",
					"-Wl,-framework,ApplicationServices",
					"-Wl,-framework,Carbon",
					"-Wl,-framework,AudioToolbox",
					"-Wl,-framework,AudioUnit",
					"-Wl,-framework,IOKit",
				);
				PREBINDING = NO;
				SYMROOT = "../bin";
			};
			name = "Debug";
		};
		4F41536F334F001272557532 /* Release */ = {
			isa = XCBuildConfiguration;
			buildSettings = {
				ARCHS = "$(NATIVE_ARCH_ACTUAL)";
				CONFIGURATION_BUILD_DIR = "$(SYMROOT)";
				CONFIGURATION_TEMP_DIR = "$(OBJROOT)";
				GCC_C_LANGUAGE_STANDARD = gnu99;
				GCC_OPTIMIZATION_LEVEL = s;
				GCC_PREPROCESSOR_DEFINITIONS = (
					"NDEBUG",
				);
				GCC_WARN_ABOUT_RETURN_TYPE = YES;
				GCC_WARN_UNUSED_VARIABLE = YES;
				HEADER_SEARCH_PATHS = (
					"../src",
					"../src/lib",
					"../externals",
					"../externals/xmlframework",
					"../externals/oscframework",
					"../../../../../../../opt/local/include",
				);
				LIBRARY_SEARCH_PATHS = (
					"../../../../../../../opt/local/lib",
				);
				OBJROOT = "../obj/Release/lsjs";
				ONLY_ACTIVE_ARCH = NO;
				OTHER_LDFLAGS = (
					"-lSDLmain",
					"-lSDL",
					"-Wl,-framework,Cocoa",
					"-Wl,-framework,OpenGL",
					"-Wl,-framework,ApplicationServices",
					"-Wl,-framework,Carbon",
					"-Wl,-framework,AudioToolbox",
					"-Wl,-framework,AudioUnit",
					"-Wl,-framework,IOKit",
				);
				PREBINDING = NO;
				SYMROOT = "../bin";
			};
			name = "Release";
		};
/* End XCBuildConfiguration section */

/* Begin XCConfigurationList section */
		174979021079001272557532 /* Build configuration list for PBXNativeTarget "lsjs" */ = {
			isa = XCConfigurationList;
			buildConfigurations = (
				406279BF6FAF001272557532 /* Debug */,
				133A69DE2927001272557532 /* Release */,
			);
			defaultConfigurationIsVisible = 0;
			defaultConfigurationName = "Debug";
		};
		1DEB928908733DD80010E9CD /* Build configuration list for PBXProject "lsjs" */ = {
			isa = XCConfigurationList;
			buildConfigurations = (
				7D1E3EFB6321001272557532 /* Debug */,
				4F41536F334F001272557532 /* Release */,
			);
			defaultConfigurationIsVisible = 0;
			defaultConfigurationName = "Debug";
		};
/* End XCConfigurationList section */

	};
	rootObject = 08FB7793FE84155DC02AAC07 /* Project object */;
}
