// !$*UTF8*$!
{
	archiveVersion = 1;
	classes = {
	};
	objectVersion = 45;
	objects = {

/* Begin PBXBuildFile section */
		53DD532144486332265B3C89 /* main.cpp in Sources */ = {isa = PBXBuildFile; fileRef = 00143B8B312C626419342EF4 /* main.cpp */; };
/* End PBXBuildFile section */

/* Begin PBXFileReference section */
		00143B8B312C626419342EF4 /* main.cpp */ = {isa = PBXFileReference; lastKnownFileType = sourcecode.cpp.cpp; name = "main.cpp"; path = "main.cpp"; sourceTree = "<group>"; };
		42707FCD1A9E01463D9C681E /* lsjs */ = {isa = PBXFileReference; explicitFileType = "compiled.mach-o.executable"; includeInIndex = 0; name = "lsjs"; path = "lsjs"; sourceTree = BUILT_PRODUCTS_DIR; };
/* End PBXFileReference section */

/* Begin PBXFrameworksBuildPhase section */
		7AE6282B346A3AFB74857E4A /* Frameworks */ = {
			isa = PBXFrameworksBuildPhase;
			buildActionMask = 2147483647;
			files = (
			);
			runOnlyForDeploymentPostprocessing = 0;
		};
/* End PBXFrameworksBuildPhase section */

/* Begin PBXGroup section */
		7D5A392B699612121377200C /* lsjs */ = {
			isa = PBXGroup;
			children = (
				7E3D019833E27B7A35BF36B3 /* src */,
				7EC0774764FF25B31A906934 /* Products */,
			);
			name = "lsjs";
			sourceTree = "<group>";
		};
		7E3D019833E27B7A35BF36B3 /* src */ = {
			isa = PBXGroup;
			children = (
				314B5D017A950AE642D96CCA /* lsjs */,
			);
			name = "src";
			path = ../src;
			sourceTree = "<group>";
		};
		314B5D017A950AE642D96CCA /* lsjs */ = {
			isa = PBXGroup;
			children = (
				00143B8B312C626419342EF4 /* main.cpp */,
			);
			name = "lsjs";
			path = lsjs;
			sourceTree = "<group>";
		};
		7EC0774764FF25B31A906934 /* Products */ = {
			isa = PBXGroup;
			children = (
				42707FCD1A9E01463D9C681E /* lsjs */,
			);
			name = "Products";
			sourceTree = "<group>";
		};
/* End PBXGroup section */

/* Begin PBXNativeTarget section */
		42A17F547B1D4D0A7A81535C /* lsjs */ = {
			isa = PBXNativeTarget;
			buildConfigurationList = 644E73EE37A55C386F1372E2 /* Build configuration list for PBXNativeTarget "lsjs" */;
			buildPhases = (
				62427D902D4058B368CF6E14 /* Resources */,
				037A5A3A2D2622800FD84E8A /* Sources */,
				7AE6282B346A3AFB74857E4A /* Frameworks */,
			);
			buildRules = (
			);
			dependencies = (
			);
			name = "lsjs";
			productInstallPath = "$(HOME)/bin";
			productName = "lsjs";
			productReference = 42707FCD1A9E01463D9C681E /* lsjs */;
			productType = "com.apple.product-type.tool";
		};
/* End PBXNativeTarget section */

/* Begin PBXProject section */
		08FB7793FE84155DC02AAC07 /* Project object */ = {
			isa = PBXProject;
			buildConfigurationList = 1DEB928908733DD80010E9CD /* Build configuration list for PBXProject "lsjs" */;
			compatibilityVersion = "Xcode 3.1";
			hasScannedForEncodings = 1;
			mainGroup = 7D5A392B699612121377200C /* lsjs */;
			projectDirPath = "";
			projectRoot = "";
			targets = (
				42A17F547B1D4D0A7A81535C /* lsjs */,
			);
		};
/* End PBXProject section */

/* Begin PBXResourcesBuildPhase section */
		62427D902D4058B368CF6E14 /* Resources */ = {
			isa = PBXResourcesBuildPhase;
			buildActionMask = 2147483647;
			files = (
			);
			runOnlyForDeploymentPostprocessing = 0;
		};
/* End PBXResourcesBuildPhase section */

/* Begin PBXSourcesBuildPhase section */
		037A5A3A2D2622800FD84E8A /* Sources */ = {
			isa = PBXSourcesBuildPhase;
			buildActionMask = 2147483647;
			files = (
				53DD532144486332265B3C89 /* main.cpp in Sources */,
			);
			runOnlyForDeploymentPostprocessing = 0;
		};
/* End PBXSourcesBuildPhase section */

/* Begin PBXVariantGroup section */
/* End PBXVariantGroup section */

/* Begin XCBuildConfiguration section */
		025C1D20578021FF05B6103D /* Debug */ = {
			isa = XCBuildConfiguration;
			buildSettings = {
				ALWAYS_SEARCH_USER_PATHS = NO;
				CONFIGURATION_BUILD_DIR = ../src/lsjs;
				GCC_DYNAMIC_NO_PIC = NO;
				GCC_MODEL_TUNING = G5;
				INSTALL_PATH = /usr/local/bin;
				PRODUCT_NAME = "lsjs";
			};
			name = "Debug";
		};
		324F0BC347566F022726581E /* Release */ = {
			isa = XCBuildConfiguration;
			buildSettings = {
				ALWAYS_SEARCH_USER_PATHS = NO;
				DEBUG_INFORMATION_FORMAT = "dwarf-with-dsym";
				CONFIGURATION_BUILD_DIR = ../src/lsjs;
				GCC_DYNAMIC_NO_PIC = NO;
				GCC_MODEL_TUNING = G5;
				INSTALL_PATH = /usr/local/bin;
				PRODUCT_NAME = "lsjs";
			};
			name = "Release";
		};
		35771A2873E842A03879367A /* Debug */ = {
			isa = XCBuildConfiguration;
			buildSettings = {
				ARCHS = "$(NATIVE_ARCH_ACTUAL)";
				CONFIGURATION_BUILD_DIR = "$(SYMROOT)";
				CONFIGURATION_TEMP_DIR = "$(OBJROOT)";
				COPY_PHASE_STRIP = NO;
				GCC_C_LANGUAGE_STANDARD = gnu99;
				GCC_ENABLE_FIX_AND_CONTINUE = YES;
				GCC_OPTIMIZATION_LEVEL = 0;
				GCC_PREPROCESSOR_DEFINITIONS = (
					"DEBUG",
				);
				GCC_WARN_ABOUT_RETURN_TYPE = YES;
				GCC_WARN_UNUSED_VARIABLE = YES;
				HEADER_SEARCH_PATHS = (
					"../src",
					"../lib/cpphelpers",
					"/usr/local/include",
					"/usr/local/include/SDL2",
					"/opt/local/include",
				);
				LIBRARY_SEARCH_PATHS = (
					"/usr/local/lib",
					"/opt/local/lib",
				);
				OBJROOT = "obj/Debug/lsjs";
				ONLY_ACTIVE_ARCH = NO;
				OTHER_CFLAGS = (
					"-DHAVE_CONFIG_H",
				);
				OTHER_LDFLAGS = (
					"-lSDL2",
					"-Wl,-framework,Cocoa",
					"-Wl,-framework,OpenGL",
					"-Wl,-framework,ApplicationServices",
					"-Wl,-framework,Carbon",
					"-Wl,-framework,AudioToolbox",
					"-Wl,-framework,AudioUnit",
					"-Wl,-framework,IOKit",
				);
				PREBINDING = NO;
				SYMROOT = "../src/lsjs";
			};
			name = "Debug";
		};
		462349DE2C0876B5043A19F6 /* Release */ = {
			isa = XCBuildConfiguration;
			buildSettings = {
				ARCHS = "$(NATIVE_ARCH_ACTUAL)";
				CONFIGURATION_BUILD_DIR = "$(SYMROOT)";
				CONFIGURATION_TEMP_DIR = "$(OBJROOT)";
				GCC_C_LANGUAGE_STANDARD = gnu99;
				GCC_OPTIMIZATION_LEVEL = s;
				GCC_PREPROCESSOR_DEFINITIONS = (
					"NDEBUG",
				);
				GCC_WARN_ABOUT_RETURN_TYPE = YES;
				GCC_WARN_UNUSED_VARIABLE = YES;
				HEADER_SEARCH_PATHS = (
					"../src",
					"../lib/cpphelpers",
					"/usr/local/include",
					"/usr/local/include/SDL2",
					"/opt/local/include",
				);
				LIBRARY_SEARCH_PATHS = (
					"/usr/local/lib",
					"/opt/local/lib",
				);
				OBJROOT = "obj/Release/lsjs";
				ONLY_ACTIVE_ARCH = NO;
				OTHER_CFLAGS = (
					"-DHAVE_CONFIG_H",
				);
				OTHER_LDFLAGS = (
					"-lSDL2",
					"-Wl,-framework,Cocoa",
					"-Wl,-framework,OpenGL",
					"-Wl,-framework,ApplicationServices",
					"-Wl,-framework,Carbon",
					"-Wl,-framework,AudioToolbox",
					"-Wl,-framework,AudioUnit",
					"-Wl,-framework,IOKit",
				);
				PREBINDING = NO;
				SYMROOT = "../src/lsjs";
			};
			name = "Release";
		};
/* End XCBuildConfiguration section */

/* Begin XCConfigurationList section */
		644E73EE37A55C386F1372E2 /* Build configuration list for PBXNativeTarget "lsjs" */ = {
			isa = XCConfigurationList;
			buildConfigurations = (
				025C1D20578021FF05B6103D /* Debug */,
				324F0BC347566F022726581E /* Release */,
			);
			defaultConfigurationIsVisible = 0;
			defaultConfigurationName = "Debug";
		};
		1DEB928908733DD80010E9CD /* Build configuration list for PBXProject "lsjs" */ = {
			isa = XCConfigurationList;
			buildConfigurations = (
				35771A2873E842A03879367A /* Debug */,
				462349DE2C0876B5043A19F6 /* Release */,
			);
			defaultConfigurationIsVisible = 0;
			defaultConfigurationName = "Debug";
		};
/* End XCConfigurationList section */

	};
	rootObject = 08FB7793FE84155DC02AAC07 /* Project object */;
}
