// !$*UTF8*$!
{
	archiveVersion = 1;
	classes = {
	};
	objectVersion = 45;
	objects = {

/* Begin PBXBuildFile section */
		6D7A13EF42820E2B3220633F /* main.cpp in Sources */ = {isa = PBXBuildFile; fileRef = 2B3A02EF48BE712E074030DE /* main.cpp */; };
/* End PBXBuildFile section */

/* Begin PBXFileReference section */
		2B3A02EF48BE712E074030DE /* main.cpp */ = {isa = PBXFileReference; lastKnownFileType = sourcecode.cpp.cpp; name = "main.cpp"; path = "main.cpp"; sourceTree = "<group>"; };
		327B4B1F1D4721EC49A65B94 /* rc-unit-notifier */ = {isa = PBXFileReference; explicitFileType = "compiled.mach-o.executable"; includeInIndex = 0; name = "rc-unit-notifier"; path = "rc-unit-notifier"; sourceTree = BUILT_PRODUCTS_DIR; };
/* End PBXFileReference section */

/* Begin PBXFrameworksBuildPhase section */
		26592D404E9F57101CEF3B95 /* Frameworks */ = {
			isa = PBXFrameworksBuildPhase;
			buildActionMask = 2147483647;
			files = (
			);
			runOnlyForDeploymentPostprocessing = 0;
		};
/* End PBXFrameworksBuildPhase section */

/* Begin PBXGroup section */
		21B51FBE078C0C6E0BC2785A /* rc-unit-notifier */ = {
			isa = PBXGroup;
			children = (
				73712E0F704F06217AC01443 /* src */,
				74D1523B21B3794265A00638 /* Products */,
			);
			name = "rc-unit-notifier";
			sourceTree = "<group>";
		};
		73712E0F704F06217AC01443 /* src */ = {
			isa = PBXGroup;
			children = (
				42434B292358121D4A8518B9 /* rc-unit-notifier */,
			);
			name = "src";
			path = ../src;
			sourceTree = "<group>";
		};
		42434B292358121D4A8518B9 /* rc-unit-notifier */ = {
			isa = PBXGroup;
			children = (
				2B3A02EF48BE712E074030DE /* main.cpp */,
			);
			name = "rc-unit-notifier";
			path = rc-unit-notifier;
			sourceTree = "<group>";
		};
		74D1523B21B3794265A00638 /* Products */ = {
			isa = PBXGroup;
			children = (
				327B4B1F1D4721EC49A65B94 /* rc-unit-notifier */,
			);
			name = "Products";
			sourceTree = "<group>";
		};
/* End PBXGroup section */

/* Begin PBXNativeTarget section */
		7ADD7E8C2EE15E26402E4012 /* rc-unit-notifier */ = {
			isa = PBXNativeTarget;
			buildConfigurationList = 03622D31099001ED2CD1639C /* Build configuration list for PBXNativeTarget "rc-unit-notifier" */;
			buildPhases = (
				2C5E79595AFB3A695E592D1B /* Resources */,
				5A8170417CF21685074771EF /* Sources */,
				26592D404E9F57101CEF3B95 /* Frameworks */,
			);
			buildRules = (
			);
			dependencies = (
			);
			name = "rc-unit-notifier";
			productInstallPath = "$(HOME)/bin";
			productName = "rc-unit-notifier";
			productReference = 327B4B1F1D4721EC49A65B94 /* rc-unit-notifier */;
			productType = "com.apple.product-type.tool";
		};
/* End PBXNativeTarget section */

/* Begin PBXProject section */
		08FB7793FE84155DC02AAC07 /* Project object */ = {
			isa = PBXProject;
			buildConfigurationList = 1DEB928908733DD80010E9CD /* Build configuration list for PBXProject "rc-unit-notifier" */;
			compatibilityVersion = "Xcode 3.1";
			hasScannedForEncodings = 1;
			mainGroup = 21B51FBE078C0C6E0BC2785A /* rc-unit-notifier */;
			projectDirPath = "";
			projectRoot = "";
			targets = (
				7ADD7E8C2EE15E26402E4012 /* rc-unit-notifier */,
			);
		};
/* End PBXProject section */

/* Begin PBXResourcesBuildPhase section */
		2C5E79595AFB3A695E592D1B /* Resources */ = {
			isa = PBXResourcesBuildPhase;
			buildActionMask = 2147483647;
			files = (
			);
			runOnlyForDeploymentPostprocessing = 0;
		};
/* End PBXResourcesBuildPhase section */

/* Begin PBXSourcesBuildPhase section */
		5A8170417CF21685074771EF /* Sources */ = {
			isa = PBXSourcesBuildPhase;
			buildActionMask = 2147483647;
			files = (
				6D7A13EF42820E2B3220633F /* main.cpp in Sources */,
			);
			runOnlyForDeploymentPostprocessing = 0;
		};
/* End PBXSourcesBuildPhase section */

/* Begin PBXVariantGroup section */
/* End PBXVariantGroup section */

/* Begin XCBuildConfiguration section */
		12DA55FB08C82847662B400F /* Debug */ = {
			isa = XCBuildConfiguration;
			buildSettings = {
				ALWAYS_SEARCH_USER_PATHS = NO;
				CONFIGURATION_BUILD_DIR = ../src/rc-unit-notifier;
				GCC_DYNAMIC_NO_PIC = NO;
				GCC_MODEL_TUNING = G5;
				INSTALL_PATH = /usr/local/bin;
				PRODUCT_NAME = "rc-unit-notifier";
			};
			name = "Debug";
		};
		5AF33C89797A74AD46532B08 /* Release */ = {
			isa = XCBuildConfiguration;
			buildSettings = {
				ALWAYS_SEARCH_USER_PATHS = NO;
				DEBUG_INFORMATION_FORMAT = "dwarf-with-dsym";
				CONFIGURATION_BUILD_DIR = ../src/rc-unit-notifier;
				GCC_DYNAMIC_NO_PIC = NO;
				GCC_MODEL_TUNING = G5;
				INSTALL_PATH = /usr/local/bin;
				PRODUCT_NAME = "rc-unit-notifier";
			};
			name = "Release";
		};
		3F53102C44C62698767261E4 /* Debug */ = {
			isa = XCBuildConfiguration;
			buildSettings = {
				ARCHS = "$(NATIVE_ARCH_ACTUAL)";
				CONFIGURATION_BUILD_DIR = "$(SYMROOT)";
				CONFIGURATION_TEMP_DIR = "$(OBJROOT)";
				COPY_PHASE_STRIP = NO;
				GCC_C_LANGUAGE_STANDARD = gnu99;
				GCC_ENABLE_FIX_AND_CONTINUE = YES;
				GCC_OPTIMIZATION_LEVEL = 0;
				GCC_PREPROCESSOR_DEFINITIONS = (
					"DEBUG",
				);
				GCC_WARN_ABOUT_RETURN_TYPE = YES;
				GCC_WARN_UNUSED_VARIABLE = YES;
				HEADER_SEARCH_PATHS = (
					"../src",
					"../externals",
					"../externals/xmlframework",
					"../externals/oscframework",
					"/usr/local/include",
					"/usr/local/include/SDL2",
				);
				LIBRARY_SEARCH_PATHS = (
					"../externals/xmlframework",
					"../externals/oscframework",
					"/usr/local/lib",
				);
				OBJROOT = "../obj/Debug/rc-unit-notifier";
				ONLY_ACTIVE_ARCH = NO;
				OTHER_CFLAGS = (
					"-DHAVE_CONFIG_H",
				);
				OTHER_LDFLAGS = (
					"-loscframework",
					"-llo",
					"-lpthread",
					"-lSDL2",
					"-Wl,-framework,Cocoa",
					"-Wl,-framework,OpenGL",
					"-Wl,-framework,ApplicationServices",
					"-Wl,-framework,Carbon",
					"-Wl,-framework,AudioToolbox",
					"-Wl,-framework,AudioUnit",
					"-Wl,-framework,IOKit",
				);
				PREBINDING = NO;
				SYMROOT = "../src/rc-unit-notifier";
			};
			name = "Debug";
		};
		28D77056241633005403268B /* Release */ = {
			isa = XCBuildConfiguration;
			buildSettings = {
				ARCHS = "$(NATIVE_ARCH_ACTUAL)";
				CONFIGURATION_BUILD_DIR = "$(SYMROOT)";
				CONFIGURATION_TEMP_DIR = "$(OBJROOT)";
				GCC_C_LANGUAGE_STANDARD = gnu99;
				GCC_OPTIMIZATION_LEVEL = s;
				GCC_PREPROCESSOR_DEFINITIONS = (
					"NDEBUG",
				);
				GCC_WARN_ABOUT_RETURN_TYPE = YES;
				GCC_WARN_UNUSED_VARIABLE = YES;
				HEADER_SEARCH_PATHS = (
					"../src",
					"../externals",
					"../externals/xmlframework",
					"../externals/oscframework",
					"/usr/local/include",
					"/usr/local/include/SDL2",
				);
				LIBRARY_SEARCH_PATHS = (
					"../externals/xmlframework",
					"../externals/oscframework",
					"/usr/local/lib",
				);
				OBJROOT = "../obj/Release/rc-unit-notifier";
				ONLY_ACTIVE_ARCH = NO;
				OTHER_CFLAGS = (
					"-DHAVE_CONFIG_H",
				);
				OTHER_LDFLAGS = (
					"-loscframework",
					"-llo",
					"-lpthread",
					"-lSDL2",
					"-Wl,-framework,Cocoa",
					"-Wl,-framework,OpenGL",
					"-Wl,-framework,ApplicationServices",
					"-Wl,-framework,Carbon",
					"-Wl,-framework,AudioToolbox",
					"-Wl,-framework,AudioUnit",
					"-Wl,-framework,IOKit",
				);
				PREBINDING = NO;
				SYMROOT = "../src/rc-unit-notifier";
			};
			name = "Release";
		};
/* End XCBuildConfiguration section */

/* Begin XCConfigurationList section */
		03622D31099001ED2CD1639C /* Build configuration list for PBXNativeTarget "rc-unit-notifier" */ = {
			isa = XCConfigurationList;
			buildConfigurations = (
				12DA55FB08C82847662B400F /* Debug */,
				5AF33C89797A74AD46532B08 /* Release */,
			);
			defaultConfigurationIsVisible = 0;
			defaultConfigurationName = "Debug";
		};
		1DEB928908733DD80010E9CD /* Build configuration list for PBXProject "rc-unit-notifier" */ = {
			isa = XCConfigurationList;
			buildConfigurations = (
				3F53102C44C62698767261E4 /* Debug */,
				28D77056241633005403268B /* Release */,
			);
			defaultConfigurationIsVisible = 0;
			defaultConfigurationName = "Debug";
		};
/* End XCConfigurationList section */

	};
	rootObject = 08FB7793FE84155DC02AAC07 /* Project object */;
}
