// !$*UTF8*$!
{
	archiveVersion = 1;
	classes = {
	};
	objectVersion = 45;
	objects = {

/* Begin PBXBuildFile section */
		0DAF19092E73079419242CB0 /* main.cpp in Sources */ = {isa = PBXBuildFile; fileRef = 63360232493A2AB914BB0BC8 /* main.cpp */; };
/* End PBXBuildFile section */

/* Begin PBXFileReference section */
		63360232493A2AB914BB0BC8 /* main.cpp */ = {isa = PBXFileReference; lastKnownFileType = sourcecode.cpp.cpp; name = "main.cpp"; path = "main.cpp"; sourceTree = "<group>"; };
		50D75CBD0E3540713C4707FE /* rc-unit-notifier */ = {isa = PBXFileReference; explicitFileType = "compiled.mach-o.executable"; includeInIndex = 0; name = "rc-unit-notifier"; path = "rc-unit-notifier"; sourceTree = BUILT_PRODUCTS_DIR; };
/* End PBXFileReference section */

/* Begin PBXFrameworksBuildPhase section */
		35FC4634044B7CFB42ED15BB /* Frameworks */ = {
			isa = PBXFrameworksBuildPhase;
			buildActionMask = 2147483647;
			files = (
			);
			runOnlyForDeploymentPostprocessing = 0;
		};
/* End PBXFrameworksBuildPhase section */

/* Begin PBXGroup section */
		66E439B1270B7607068340C2 /* rc-unit-notifier */ = {
			isa = PBXGroup;
			children = (
				2D933C46226B2945030A151A /* src */,
				14D405A064107D0B1BEA60E5 /* Products */,
			);
			name = "rc-unit-notifier";
			sourceTree = "<group>";
		};
		2D933C46226B2945030A151A /* src */ = {
			isa = PBXGroup;
			children = (
				6676035234F63ACD68DE6834 /* rc-unit-notifier */,
			);
			name = "src";
			path = ../src;
			sourceTree = "<group>";
		};
		6676035234F63ACD68DE6834 /* rc-unit-notifier */ = {
			isa = PBXGroup;
			children = (
				63360232493A2AB914BB0BC8 /* main.cpp */,
			);
			name = "rc-unit-notifier";
			path = rc-unit-notifier;
			sourceTree = "<group>";
		};
		14D405A064107D0B1BEA60E5 /* Products */ = {
			isa = PBXGroup;
			children = (
				50D75CBD0E3540713C4707FE /* rc-unit-notifier */,
			);
			name = "Products";
			sourceTree = "<group>";
		};
/* End PBXGroup section */

/* Begin PBXNativeTarget section */
		5D2E30C43A1022374E49465C /* rc-unit-notifier */ = {
			isa = PBXNativeTarget;
			buildConfigurationList = 08A862263A595EF154EA6ED8 /* Build configuration list for PBXNativeTarget "rc-unit-notifier" */;
			buildPhases = (
				3E8F25A454945FAA3DF47132 /* Resources */,
				380E5D0B0DE82B4778B75D1F /* Sources */,
				35FC4634044B7CFB42ED15BB /* Frameworks */,
			);
			buildRules = (
			);
			dependencies = (
			);
			name = "rc-unit-notifier";
			productInstallPath = "$(HOME)/bin";
			productName = "rc-unit-notifier";
			productReference = 50D75CBD0E3540713C4707FE /* rc-unit-notifier */;
			productType = "com.apple.product-type.tool";
		};
/* End PBXNativeTarget section */

/* Begin PBXProject section */
		08FB7793FE84155DC02AAC07 /* Project object */ = {
			isa = PBXProject;
			buildConfigurationList = 1DEB928908733DD80010E9CD /* Build configuration list for PBXProject "rc-unit-notifier" */;
			compatibilityVersion = "Xcode 3.1";
			hasScannedForEncodings = 1;
			mainGroup = 66E439B1270B7607068340C2 /* rc-unit-notifier */;
			projectDirPath = "";
			projectRoot = "";
			targets = (
				5D2E30C43A1022374E49465C /* rc-unit-notifier */,
			);
		};
/* End PBXProject section */

/* Begin PBXResourcesBuildPhase section */
		3E8F25A454945FAA3DF47132 /* Resources */ = {
			isa = PBXResourcesBuildPhase;
			buildActionMask = 2147483647;
			files = (
			);
			runOnlyForDeploymentPostprocessing = 0;
		};
/* End PBXResourcesBuildPhase section */

/* Begin PBXSourcesBuildPhase section */
		380E5D0B0DE82B4778B75D1F /* Sources */ = {
			isa = PBXSourcesBuildPhase;
			buildActionMask = 2147483647;
			files = (
				0DAF19092E73079419242CB0 /* main.cpp in Sources */,
			);
			runOnlyForDeploymentPostprocessing = 0;
		};
/* End PBXSourcesBuildPhase section */

/* Begin PBXVariantGroup section */
/* End PBXVariantGroup section */

/* Begin XCBuildConfiguration section */
		6213676F69320BDA30E87F7D /* Debug */ = {
			isa = XCBuildConfiguration;
			buildSettings = {
				ALWAYS_SEARCH_USER_PATHS = NO;
				CONFIGURATION_BUILD_DIR = ../src/rc-unit-notifier;
				GCC_DYNAMIC_NO_PIC = NO;
				GCC_MODEL_TUNING = G5;
				INSTALL_PATH = /usr/local/bin;
				PRODUCT_NAME = "rc-unit-notifier";
			};
			name = "Debug";
		};
		16FE2D1A3772397A0741660D /* Release */ = {
			isa = XCBuildConfiguration;
			buildSettings = {
				ALWAYS_SEARCH_USER_PATHS = NO;
				DEBUG_INFORMATION_FORMAT = "dwarf-with-dsym";
				CONFIGURATION_BUILD_DIR = ../src/rc-unit-notifier;
				GCC_DYNAMIC_NO_PIC = NO;
				GCC_MODEL_TUNING = G5;
				INSTALL_PATH = /usr/local/bin;
				PRODUCT_NAME = "rc-unit-notifier";
			};
			name = "Release";
		};
		6A624B0A1EA1693B4AC76B74 /* Debug */ = {
			isa = XCBuildConfiguration;
			buildSettings = {
				ARCHS = "$(NATIVE_ARCH_ACTUAL)";
				CONFIGURATION_BUILD_DIR = "$(SYMROOT)";
				CONFIGURATION_TEMP_DIR = "$(OBJROOT)";
				COPY_PHASE_STRIP = NO;
				GCC_C_LANGUAGE_STANDARD = gnu99;
				GCC_ENABLE_FIX_AND_CONTINUE = YES;
				GCC_OPTIMIZATION_LEVEL = 0;
				GCC_PREPROCESSOR_DEFINITIONS = (
					"DEBUG",
				);
				GCC_WARN_ABOUT_RETURN_TYPE = YES;
				GCC_WARN_UNUSED_VARIABLE = YES;
				HEADER_SEARCH_PATHS = (
					"../src",
					"../lib/cpphelpers",
					"../lib/lopack/src",
					"/usr/local/include",
					"/usr/local/include/SDL2",
					"/opt/local/include",
					"/opt/local/include/SDL2",
				);
				LIBRARY_SEARCH_PATHS = (
					"../lib/lopack/src/lopack",
					"/usr/local/lib",
					"/opt/local/lib",
				);
				OBJROOT = "obj/Debug/rc-unit-notifier";
				ONLY_ACTIVE_ARCH = NO;
				OTHER_CFLAGS = (
					"-DHAVE_CONFIG_H",
				);
				OTHER_LDFLAGS = (
					"-llopack",
					"-llo",
					"-lpthread",
					"-lSDL2",
					"-Wl,-framework,Cocoa",
					"-Wl,-framework,OpenGL",
					"-Wl,-framework,ApplicationServices",
					"-Wl,-framework,Carbon",
					"-Wl,-framework,AudioToolbox",
					"-Wl,-framework,AudioUnit",
					"-Wl,-framework,IOKit",
				);
				PREBINDING = NO;
				SYMROOT = "../src/rc-unit-notifier";
			};
			name = "Debug";
		};
		66A37CDC7088100023931DD0 /* Release */ = {
			isa = XCBuildConfiguration;
			buildSettings = {
				ARCHS = "$(NATIVE_ARCH_ACTUAL)";
				CONFIGURATION_BUILD_DIR = "$(SYMROOT)";
				CONFIGURATION_TEMP_DIR = "$(OBJROOT)";
				GCC_C_LANGUAGE_STANDARD = gnu99;
				GCC_OPTIMIZATION_LEVEL = s;
				GCC_PREPROCESSOR_DEFINITIONS = (
					"NDEBUG",
				);
				GCC_WARN_ABOUT_RETURN_TYPE = YES;
				GCC_WARN_UNUSED_VARIABLE = YES;
				HEADER_SEARCH_PATHS = (
					"../src",
					"../lib/cpphelpers",
					"../lib/lopack/src",
					"/usr/local/include",
					"/usr/local/include/SDL2",
					"/opt/local/include",
					"/opt/local/include/SDL2",
				);
				LIBRARY_SEARCH_PATHS = (
					"../lib/lopack/src/lopack",
					"/usr/local/lib",
					"/opt/local/lib",
				);
				OBJROOT = "obj/Release/rc-unit-notifier";
				ONLY_ACTIVE_ARCH = NO;
				OTHER_CFLAGS = (
					"-DHAVE_CONFIG_H",
				);
				OTHER_LDFLAGS = (
					"-llopack",
					"-llo",
					"-lpthread",
					"-lSDL2",
					"-Wl,-framework,Cocoa",
					"-Wl,-framework,OpenGL",
					"-Wl,-framework,ApplicationServices",
					"-Wl,-framework,Carbon",
					"-Wl,-framework,AudioToolbox",
					"-Wl,-framework,AudioUnit",
					"-Wl,-framework,IOKit",
				);
				PREBINDING = NO;
				SYMROOT = "../src/rc-unit-notifier";
			};
			name = "Release";
		};
/* End XCBuildConfiguration section */

/* Begin XCConfigurationList section */
		08A862263A595EF154EA6ED8 /* Build configuration list for PBXNativeTarget "rc-unit-notifier" */ = {
			isa = XCConfigurationList;
			buildConfigurations = (
				6213676F69320BDA30E87F7D /* Debug */,
				16FE2D1A3772397A0741660D /* Release */,
			);
			defaultConfigurationIsVisible = 0;
			defaultConfigurationName = "Debug";
		};
		1DEB928908733DD80010E9CD /* Build configuration list for PBXProject "rc-unit-notifier" */ = {
			isa = XCConfigurationList;
			buildConfigurations = (
				6A624B0A1EA1693B4AC76B74 /* Debug */,
				66A37CDC7088100023931DD0 /* Release */,
			);
			defaultConfigurationIsVisible = 0;
			defaultConfigurationName = "Debug";
		};
/* End XCConfigurationList section */

	};
	rootObject = 08FB7793FE84155DC02AAC07 /* Project object */;
}
