// !$*UTF8*$!
{
	archiveVersion = 1;
	classes = {
	};
	objectVersion = 45;
	objects = {

/* Begin PBXBuildFile section */
		6C4C31022577001269700090 /* main.cpp in Sources */ = {isa = PBXBuildFile; fileRef = 592939C36749001269700090 /* main.cpp */; };
/* End PBXBuildFile section */

/* Begin PBXFileReference section */
		592939C36749001269700090 /* main.cpp */ = {isa = PBXFileReference; lastKnownFileType = sourcecode.cpp.cpp; path = main.cpp; sourceTree = "<group>"; };
		5F746C9269EE001269700090 /* lsjs */ = {isa = PBXFileReference; explicitFileType = "compiled.mach-o.executable"; includeInIndex = 0; path = lsjs; sourceTree = BUILT_PRODUCTS_DIR; };
/* End PBXFileReference section */

/* Begin PBXFrameworksBuildPhase section */
		408021853084001269700090 /* Frameworks */ = {
			isa = PBXFrameworksBuildPhase;
			buildActionMask = 2147483647;
			files = (
			);
			runOnlyForDeploymentPostprocessing = 0;
		};
/* End PBXFrameworksBuildPhase section */

/* Begin PBXGroup section */
		12C37BFC1C48001269700090 /* lsjs */ = {
			isa = PBXGroup;
			children = (
				592939C36749001269700090 /* main.cpp */,
			);
			path = lsjs;
			sourceTree = "<group>";
		};
		237C42882991001269700090 /* src */ = {
			isa = PBXGroup;
			children = (
				12C37BFC1C48001269700090 /* lsjs */,
			);
			name = src;
			path = ../src;
			sourceTree = "<group>";
		};
		44722867313E001269700090 /* Products */ = {
			isa = PBXGroup;
			children = (
				5F746C9269EE001269700090 /* lsjs */,
			);
			name = Products;
			sourceTree = "<group>";
		};
		76BE6A955CBB001269700090 /* lsjs */ = {
			isa = PBXGroup;
			children = (
				237C42882991001269700090 /* src */,
				44722867313E001269700090 /* Products */,
			);
			name = lsjs;
			sourceTree = "<group>";
		};
/* End PBXGroup section */

/* Begin PBXNativeTarget section */
		13492EE35CD1001269700090 /* lsjs */ = {
			isa = PBXNativeTarget;
			buildConfigurationList = 0E8175EE6D67001269700090 /* Build configuration list for PBXNativeTarget "lsjs" */;
			buildPhases = (
				44B410FA1291001269700090 /* Resources */,
				73EB5E142BFC001269700090 /* Sources */,
				408021853084001269700090 /* Frameworks */,
			);
			buildRules = (
			);
			dependencies = (
			);
			name = lsjs;
			productInstallPath = "$(HOME)/bin";
			productName = lsjs;
			productReference = 5F746C9269EE001269700090 /* lsjs */;
			productType = "com.apple.product-type.tool";
		};
/* End PBXNativeTarget section */

/* Begin PBXProject section */
		08FB7793FE84155DC02AAC07 /* Project object */ = {
			isa = PBXProject;
			buildConfigurationList = 1DEB928908733DD80010E9CD /* Build configuration list for PBXProject "lsjs" */;
			compatibilityVersion = "Xcode 3.1";
			hasScannedForEncodings = 1;
			mainGroup = 76BE6A955CBB001269700090 /* lsjs */;
			projectDirPath = "";
			projectRoot = "";
			targets = (
				13492EE35CD1001269700090 /* lsjs */,
			);
		};
/* End PBXProject section */

/* Begin PBXResourcesBuildPhase section */
		44B410FA1291001269700090 /* Resources */ = {
			isa = PBXResourcesBuildPhase;
			buildActionMask = 2147483647;
			files = (
			);
			runOnlyForDeploymentPostprocessing = 0;
		};
/* End PBXResourcesBuildPhase section */

/* Begin PBXSourcesBuildPhase section */
		73EB5E142BFC001269700090 /* Sources */ = {
			isa = PBXSourcesBuildPhase;
			buildActionMask = 2147483647;
			files = (
				6C4C31022577001269700090 /* main.cpp in Sources */,
			);
			runOnlyForDeploymentPostprocessing = 0;
		};
/* End PBXSourcesBuildPhase section */

/* Begin XCBuildConfiguration section */
		043562D724EC001269700090 /* Debug */ = {
			isa = XCBuildConfiguration;
			buildSettings = {
				ARCHS = "$(NATIVE_ARCH_ACTUAL)";
				CONFIGURATION_BUILD_DIR = "$(SYMROOT)";
				CONFIGURATION_TEMP_DIR = "$(OBJROOT)";
				COPY_PHASE_STRIP = NO;
				GCC_C_LANGUAGE_STANDARD = gnu99;
				GCC_ENABLE_FIX_AND_CONTINUE = YES;
				GCC_OPTIMIZATION_LEVEL = 0;
				GCC_PREPROCESSOR_DEFINITIONS = DEBUG;
				GCC_WARN_ABOUT_RETURN_TYPE = YES;
				GCC_WARN_UNUSED_VARIABLE = YES;
				HEADER_SEARCH_PATHS = (
					../src,
					../src/lib,
					../externals/xmlframework/src,
					../externals/oscframework/src,
					../externals,
					../../../../../opt/local/include,
				);
				LIBRARY_SEARCH_PATHS = ../../../../../opt/local/lib;
				OBJROOT = ../obj/Debug/lsjs;
				ONLY_ACTIVE_ARCH = NO;
				OTHER_LDFLAGS = (
					"-lSDLmain",
					"-lSDL",
					"-Wl,-framework,Cocoa",
					"-Wl,-framework,OpenGL",
					"-Wl,-framework,ApplicationServices",
					"-Wl,-framework,Carbon",
					"-Wl,-framework,AudioToolbox",
					"-Wl,-framework,AudioUnit",
					"-Wl,-framework,IOKit",
				);
				PREBINDING = NO;
				SYMROOT = ../bin;
			};
			name = Debug;
		};
		0D056D3D4F65001269700090 /* Release */ = {
			isa = XCBuildConfiguration;
			buildSettings = {
				ALWAYS_SEARCH_USER_PATHS = NO;
				CONFIGURATION_BUILD_DIR = ../bin;
				DEBUG_INFORMATION_FORMAT = "dwarf-with-dsym";
				GCC_DYNAMIC_NO_PIC = NO;
				GCC_MODEL_TUNING = G5;
				INSTALL_PATH = /usr/local/bin;
				PRODUCT_NAME = lsjs;
			};
			name = Release;
		};
		44931EF30A3A001269700090 /* Debug */ = {
			isa = XCBuildConfiguration;
			buildSettings = {
				ALWAYS_SEARCH_USER_PATHS = NO;
				CONFIGURATION_BUILD_DIR = ../bin;
				GCC_DYNAMIC_NO_PIC = NO;
				GCC_MODEL_TUNING = G5;
				INSTALL_PATH = /usr/local/bin;
				PRODUCT_NAME = lsjs;
			};
			name = Debug;
		};
		7FB14D4D7C4E001269700090 /* Release */ = {
			isa = XCBuildConfiguration;
			buildSettings = {
				ARCHS = "$(NATIVE_ARCH_ACTUAL)";
				CONFIGURATION_BUILD_DIR = "$(SYMROOT)";
				CONFIGURATION_TEMP_DIR = "$(OBJROOT)";
				GCC_C_LANGUAGE_STANDARD = gnu99;
				GCC_OPTIMIZATION_LEVEL = s;
				GCC_PREPROCESSOR_DEFINITIONS = NDEBUG;
				GCC_WARN_ABOUT_RETURN_TYPE = YES;
				GCC_WARN_UNUSED_VARIABLE = YES;
				HEADER_SEARCH_PATHS = (
					../src,
					../src/lib,
					../externals/xmlframework/src,
					../externals/oscframework/src,
					../externals,
					../../../../../opt/local/include,
				);
				LIBRARY_SEARCH_PATHS = ../../../../../opt/local/lib;
				OBJROOT = ../obj/Release/lsjs;
				ONLY_ACTIVE_ARCH = NO;
				OTHER_LDFLAGS = (
					"-lSDLmain",
					"-lSDL",
					"-Wl,-framework,Cocoa",
					"-Wl,-framework,OpenGL",
					"-Wl,-framework,ApplicationServices",
					"-Wl,-framework,Carbon",
					"-Wl,-framework,AudioToolbox",
					"-Wl,-framework,AudioUnit",
					"-Wl,-framework,IOKit",
				);
				PREBINDING = NO;
				SYMROOT = ../bin;
			};
			name = Release;
		};
/* End XCBuildConfiguration section */

/* Begin XCConfigurationList section */
		0E8175EE6D67001269700090 /* Build configuration list for PBXNativeTarget "lsjs" */ = {
			isa = XCConfigurationList;
			buildConfigurations = (
				44931EF30A3A001269700090 /* Debug */,
				0D056D3D4F65001269700090 /* Release */,
			);
			defaultConfigurationIsVisible = 0;
			defaultConfigurationName = Debug;
		};
		1DEB928908733DD80010E9CD /* Build configuration list for PBXProject "lsjs" */ = {
			isa = XCConfigurationList;
			buildConfigurations = (
				043562D724EC001269700090 /* Debug */,
				7FB14D4D7C4E001269700090 /* Release */,
			);
			defaultConfigurationIsVisible = 0;
			defaultConfigurationName = Debug;
		};
/* End XCConfigurationList section */
	};
	rootObject = 08FB7793FE84155DC02AAC07 /* Project object */;
}
