// !$*UTF8*$!
{
	archiveVersion = 1;
	classes = {
	};
	objectVersion = 45;
	objects = {

/* Begin PBXBuildFile section */
		76E400000DAC2DFC20E60ECD /* App.cpp in Sources */ = {isa = PBXBuildFile; fileRef = 5CB7160E266B42455E1357FC /* App.cpp */; };
		7899438C2A7B06831D492B82 /* Config.cpp in Sources */ = {isa = PBXBuildFile; fileRef = 424B09491EBF2A33220E6160 /* Config.cpp */; };
		17542F0D1BF24A25719047CA /* DeviceManager.cpp in Sources */ = {isa = PBXBuildFile; fileRef = 6AB86A174BC046E249DC0B78 /* DeviceManager.cpp */; };
		56CE24D54D9D34E604624CF1 /* GameController.cpp in Sources */ = {isa = PBXBuildFile; fileRef = 6404523D4E161DD26F3B3D84 /* GameController.cpp */; };
		4A045CFA5A4051AD5D3C12FD /* Joystick.cpp in Sources */ = {isa = PBXBuildFile; fileRef = 37BA4C53743E42CC706D0E56 /* Joystick.cpp */; };
		54BB4D5514B17F560FDE421D /* JoystickIgnore.cpp in Sources */ = {isa = PBXBuildFile; fileRef = 0DFD66B23EC663AD74AA5C4D /* JoystickIgnore.cpp */; };
		09C519D176AB6D4378845828 /* JoystickRemapping.cpp in Sources */ = {isa = PBXBuildFile; fileRef = 41E9568348B37FD4555D6C36 /* JoystickRemapping.cpp */; };
		6B580F7210CD20D8595A26AA /* main.cpp in Sources */ = {isa = PBXBuildFile; fileRef = 7B9056C7414E218E323A3002 /* main.cpp */; };
/* End PBXBuildFile section */

/* Begin PBXFileReference section */
		5CB7160E266B42455E1357FC /* App.cpp */ = {isa = PBXFileReference; lastKnownFileType = sourcecode.cpp.cpp; name = "App.cpp"; path = "App.cpp"; sourceTree = "<group>"; };
		5EB949760E5469895BBA4FC9 /* App.h */ = {isa = PBXFileReference; lastKnownFileType = sourcecode.c.h; name = "App.h"; path = "App.h"; sourceTree = "<group>"; };
		35BD41CC6C4A6FF759537060 /* Common.h */ = {isa = PBXFileReference; lastKnownFileType = sourcecode.c.h; name = "Common.h"; path = "Common.h"; sourceTree = "<group>"; };
		424B09491EBF2A33220E6160 /* Config.cpp */ = {isa = PBXFileReference; lastKnownFileType = sourcecode.cpp.cpp; name = "Config.cpp"; path = "Config.cpp"; sourceTree = "<group>"; };
		7CD446747C081EDA1C466BEC /* Config.h */ = {isa = PBXFileReference; lastKnownFileType = sourcecode.c.h; name = "Config.h"; path = "Config.h"; sourceTree = "<group>"; };
		640C08D371201F9455AA40F6 /* Device.h */ = {isa = PBXFileReference; lastKnownFileType = sourcecode.c.h; name = "Device.h"; path = "Device.h"; sourceTree = "<group>"; };
		6AB86A174BC046E249DC0B78 /* DeviceManager.cpp */ = {isa = PBXFileReference; lastKnownFileType = sourcecode.cpp.cpp; name = "DeviceManager.cpp"; path = "DeviceManager.cpp"; sourceTree = "<group>"; };
		310E1A0B4DC954113CE50E29 /* DeviceManager.h */ = {isa = PBXFileReference; lastKnownFileType = sourcecode.c.h; name = "DeviceManager.h"; path = "DeviceManager.h"; sourceTree = "<group>"; };
		6404523D4E161DD26F3B3D84 /* GameController.cpp */ = {isa = PBXFileReference; lastKnownFileType = sourcecode.cpp.cpp; name = "GameController.cpp"; path = "GameController.cpp"; sourceTree = "<group>"; };
		135813FD71DA58DD42D61C4B /* GameController.h */ = {isa = PBXFileReference; lastKnownFileType = sourcecode.c.h; name = "GameController.h"; path = "GameController.h"; sourceTree = "<group>"; };
		37BA4C53743E42CC706D0E56 /* Joystick.cpp */ = {isa = PBXFileReference; lastKnownFileType = sourcecode.cpp.cpp; name = "Joystick.cpp"; path = "Joystick.cpp"; sourceTree = "<group>"; };
		4CE00FA2703E7E4B00E9561D /* Joystick.h */ = {isa = PBXFileReference; lastKnownFileType = sourcecode.c.h; name = "Joystick.h"; path = "Joystick.h"; sourceTree = "<group>"; };
		0DFD66B23EC663AD74AA5C4D /* JoystickIgnore.cpp */ = {isa = PBXFileReference; lastKnownFileType = sourcecode.cpp.cpp; name = "JoystickIgnore.cpp"; path = "JoystickIgnore.cpp"; sourceTree = "<group>"; };
		049413495A5A60A85C083923 /* JoystickIgnore.h */ = {isa = PBXFileReference; lastKnownFileType = sourcecode.c.h; name = "JoystickIgnore.h"; path = "JoystickIgnore.h"; sourceTree = "<group>"; };
		41E9568348B37FD4555D6C36 /* JoystickRemapping.cpp */ = {isa = PBXFileReference; lastKnownFileType = sourcecode.cpp.cpp; name = "JoystickRemapping.cpp"; path = "JoystickRemapping.cpp"; sourceTree = "<group>"; };
		6AD029EF2E1C4573062D0C6E /* JoystickRemapping.h */ = {isa = PBXFileReference; lastKnownFileType = sourcecode.c.h; name = "JoystickRemapping.h"; path = "JoystickRemapping.h"; sourceTree = "<group>"; };
		448C7978762C58E47E100814 /* Log.h */ = {isa = PBXFileReference; lastKnownFileType = sourcecode.c.h; name = "Log.h"; path = "Log.h"; sourceTree = "<group>"; };
		7B9056C7414E218E323A3002 /* main.cpp */ = {isa = PBXFileReference; lastKnownFileType = sourcecode.cpp.cpp; name = "main.cpp"; path = "main.cpp"; sourceTree = "<group>"; };
		65F77453142454014DD63AF7 /* rc-unitd */ = {isa = PBXFileReference; explicitFileType = "compiled.mach-o.executable"; includeInIndex = 0; name = "rc-unitd"; path = "rc-unitd"; sourceTree = BUILT_PRODUCTS_DIR; };
/* End PBXFileReference section */

/* Begin PBXFrameworksBuildPhase section */
		09F76C8C792A41967D6F0DCB /* Frameworks */ = {
			isa = PBXFrameworksBuildPhase;
			buildActionMask = 2147483647;
			files = (
			);
			runOnlyForDeploymentPostprocessing = 0;
		};
/* End PBXFrameworksBuildPhase section */

/* Begin PBXGroup section */
		6059204F326118DE43C74BD4 /* rc-unitd */ = {
			isa = PBXGroup;
			children = (
				56172E4E2393388742D216C3 /* src */,
				22FC5E1746BE7E6818E43E35 /* Products */,
			);
			name = "rc-unitd";
			sourceTree = "<group>";
		};
		56172E4E2393388742D216C3 /* src */ = {
			isa = PBXGroup;
			children = (
				10661CEE048C05B9521B2252 /* rc-unitd */,
			);
			name = "src";
			path = ../src;
			sourceTree = "<group>";
		};
		10661CEE048C05B9521B2252 /* rc-unitd */ = {
			isa = PBXGroup;
			children = (
				5CB7160E266B42455E1357FC /* App.cpp */,
				5EB949760E5469895BBA4FC9 /* App.h */,
				35BD41CC6C4A6FF759537060 /* Common.h */,
				424B09491EBF2A33220E6160 /* Config.cpp */,
				7CD446747C081EDA1C466BEC /* Config.h */,
				640C08D371201F9455AA40F6 /* Device.h */,
				6AB86A174BC046E249DC0B78 /* DeviceManager.cpp */,
				310E1A0B4DC954113CE50E29 /* DeviceManager.h */,
				6404523D4E161DD26F3B3D84 /* GameController.cpp */,
				135813FD71DA58DD42D61C4B /* GameController.h */,
				37BA4C53743E42CC706D0E56 /* Joystick.cpp */,
				4CE00FA2703E7E4B00E9561D /* Joystick.h */,
				0DFD66B23EC663AD74AA5C4D /* JoystickIgnore.cpp */,
				049413495A5A60A85C083923 /* JoystickIgnore.h */,
				41E9568348B37FD4555D6C36 /* JoystickRemapping.cpp */,
				6AD029EF2E1C4573062D0C6E /* JoystickRemapping.h */,
				448C7978762C58E47E100814 /* Log.h */,
				7B9056C7414E218E323A3002 /* main.cpp */,
			);
			name = "rc-unitd";
			path = rc-unitd;
			sourceTree = "<group>";
		};
		22FC5E1746BE7E6818E43E35 /* Products */ = {
			isa = PBXGroup;
			children = (
				65F77453142454014DD63AF7 /* rc-unitd */,
			);
			name = "Products";
			sourceTree = "<group>";
		};
/* End PBXGroup section */

/* Begin PBXNativeTarget section */
		520F10C9034204BA0BD5604D /* rc-unitd */ = {
			isa = PBXNativeTarget;
			buildConfigurationList = 382A72863F437B2D57661258 /* Build configuration list for PBXNativeTarget "rc-unitd" */;
			buildPhases = (
				656568A95FE214F7257C7885 /* Resources */,
				21B038F71F9F2E6A4BCF1B78 /* Sources */,
				09F76C8C792A41967D6F0DCB /* Frameworks */,
			);
			buildRules = (
			);
			dependencies = (
			);
			name = "rc-unitd";
			productInstallPath = "$(HOME)/bin";
			productName = "rc-unitd";
			productReference = 65F77453142454014DD63AF7 /* rc-unitd */;
			productType = "com.apple.product-type.tool";
		};
/* End PBXNativeTarget section */

/* Begin PBXProject section */
		08FB7793FE84155DC02AAC07 /* Project object */ = {
			isa = PBXProject;
			buildConfigurationList = 1DEB928908733DD80010E9CD /* Build configuration list for PBXProject "rc-unitd" */;
			compatibilityVersion = "Xcode 3.1";
			hasScannedForEncodings = 1;
			mainGroup = 6059204F326118DE43C74BD4 /* rc-unitd */;
			projectDirPath = "";
			projectRoot = "";
			targets = (
				520F10C9034204BA0BD5604D /* rc-unitd */,
			);
		};
/* End PBXProject section */

/* Begin PBXResourcesBuildPhase section */
		656568A95FE214F7257C7885 /* Resources */ = {
			isa = PBXResourcesBuildPhase;
			buildActionMask = 2147483647;
			files = (
			);
			runOnlyForDeploymentPostprocessing = 0;
		};
/* End PBXResourcesBuildPhase section */

/* Begin PBXSourcesBuildPhase section */
		21B038F71F9F2E6A4BCF1B78 /* Sources */ = {
			isa = PBXSourcesBuildPhase;
			buildActionMask = 2147483647;
			files = (
				76E400000DAC2DFC20E60ECD /* App.cpp in Sources */,
				7899438C2A7B06831D492B82 /* Config.cpp in Sources */,
				17542F0D1BF24A25719047CA /* DeviceManager.cpp in Sources */,
				56CE24D54D9D34E604624CF1 /* GameController.cpp in Sources */,
				4A045CFA5A4051AD5D3C12FD /* Joystick.cpp in Sources */,
				54BB4D5514B17F560FDE421D /* JoystickIgnore.cpp in Sources */,
				09C519D176AB6D4378845828 /* JoystickRemapping.cpp in Sources */,
				6B580F7210CD20D8595A26AA /* main.cpp in Sources */,
			);
			runOnlyForDeploymentPostprocessing = 0;
		};
/* End PBXSourcesBuildPhase section */

/* Begin PBXVariantGroup section */
/* End PBXVariantGroup section */

/* Begin XCBuildConfiguration section */
		156C1DD71486299922A90F8D /* Debug */ = {
			isa = XCBuildConfiguration;
			buildSettings = {
				ALWAYS_SEARCH_USER_PATHS = NO;
				CONFIGURATION_BUILD_DIR = ../src/rc-unitd;
				GCC_DYNAMIC_NO_PIC = NO;
				GCC_MODEL_TUNING = G5;
				INSTALL_PATH = /usr/local/bin;
				PRODUCT_NAME = "rc-unitd";
			};
			name = "Debug";
		};
		29D226CE490304A04E5A0535 /* Release */ = {
			isa = XCBuildConfiguration;
			buildSettings = {
				ALWAYS_SEARCH_USER_PATHS = NO;
				DEBUG_INFORMATION_FORMAT = "dwarf-with-dsym";
				CONFIGURATION_BUILD_DIR = ../src/rc-unitd;
				GCC_DYNAMIC_NO_PIC = NO;
				GCC_MODEL_TUNING = G5;
				INSTALL_PATH = /usr/local/bin;
				PRODUCT_NAME = "rc-unitd";
			};
			name = "Release";
		};
		00327C2C3CC345163D107790 /* Debug */ = {
			isa = XCBuildConfiguration;
			buildSettings = {
				ARCHS = "$(NATIVE_ARCH_ACTUAL)";
				CONFIGURATION_BUILD_DIR = "$(SYMROOT)";
				CONFIGURATION_TEMP_DIR = "$(OBJROOT)";
				COPY_PHASE_STRIP = NO;
				GCC_C_LANGUAGE_STANDARD = gnu99;
				GCC_ENABLE_FIX_AND_CONTINUE = YES;
				GCC_OPTIMIZATION_LEVEL = 0;
				GCC_PREPROCESSOR_DEFINITIONS = (
					"DEBUG",
				);
				GCC_WARN_ABOUT_RETURN_TYPE = YES;
				GCC_WARN_UNUSED_VARIABLE = YES;
				HEADER_SEARCH_PATHS = (
					"../src",
					"../externals",
					"../externals/xmlframework",
					"../externals/oscframework",
					"/usr/local/include",
					"/usr/local/include/SDL2",
					"/opt/local/include",
					"/opt/local/include/SDL2",
				);
				LIBRARY_SEARCH_PATHS = (
					"../externals/xmlframework",
					"../externals/oscframework",
					"/usr/local/lib",
					"/opt/local/lib",
				);
				OBJROOT = "../obj/Debug/rc-unitd";
				ONLY_ACTIVE_ARCH = NO;
				OTHER_CFLAGS = (
					"-DHAVE_CONFIG_H",
				);
				OTHER_LDFLAGS = (
					"-loscframework",
					"-lxmlframework",
					"-llo",
					"-lpthread",
					"-lSDL2",
					"-Wl,-framework,Cocoa",
					"-Wl,-framework,OpenGL",
					"-Wl,-framework,ApplicationServices",
					"-Wl,-framework,Carbon",
					"-Wl,-framework,AudioToolbox",
					"-Wl,-framework,AudioUnit",
					"-Wl,-framework,IOKit",
				);
				PREBINDING = NO;
				SYMROOT = "../src/rc-unitd";
			};
			name = "Debug";
		};
		7FBC2CE1018B64004EF775D2 /* Release */ = {
			isa = XCBuildConfiguration;
			buildSettings = {
				ARCHS = "$(NATIVE_ARCH_ACTUAL)";
				CONFIGURATION_BUILD_DIR = "$(SYMROOT)";
				CONFIGURATION_TEMP_DIR = "$(OBJROOT)";
				GCC_C_LANGUAGE_STANDARD = gnu99;
				GCC_OPTIMIZATION_LEVEL = s;
				GCC_PREPROCESSOR_DEFINITIONS = (
					"NDEBUG",
				);
				GCC_WARN_ABOUT_RETURN_TYPE = YES;
				GCC_WARN_UNUSED_VARIABLE = YES;
				HEADER_SEARCH_PATHS = (
					"../src",
					"../externals",
					"../externals/xmlframework",
					"../externals/oscframework",
					"/usr/local/include",
					"/usr/local/include/SDL2",
					"/opt/local/include",
					"/opt/local/include/SDL2",
				);
				LIBRARY_SEARCH_PATHS = (
					"../externals/xmlframework",
					"../externals/oscframework",
					"/usr/local/lib",
					"/opt/local/lib",
				);
				OBJROOT = "../obj/Release/rc-unitd";
				ONLY_ACTIVE_ARCH = NO;
				OTHER_CFLAGS = (
					"-DHAVE_CONFIG_H",
				);
				OTHER_LDFLAGS = (
					"-loscframework",
					"-lxmlframework",
					"-llo",
					"-lpthread",
					"-lSDL2",
					"-Wl,-framework,Cocoa",
					"-Wl,-framework,OpenGL",
					"-Wl,-framework,ApplicationServices",
					"-Wl,-framework,Carbon",
					"-Wl,-framework,AudioToolbox",
					"-Wl,-framework,AudioUnit",
					"-Wl,-framework,IOKit",
				);
				PREBINDING = NO;
				SYMROOT = "../src/rc-unitd";
			};
			name = "Release";
		};
/* End XCBuildConfiguration section */

/* Begin XCConfigurationList section */
		382A72863F437B2D57661258 /* Build configuration list for PBXNativeTarget "rc-unitd" */ = {
			isa = XCConfigurationList;
			buildConfigurations = (
				156C1DD71486299922A90F8D /* Debug */,
				29D226CE490304A04E5A0535 /* Release */,
			);
			defaultConfigurationIsVisible = 0;
			defaultConfigurationName = "Debug";
		};
		1DEB928908733DD80010E9CD /* Build configuration list for PBXProject "rc-unitd" */ = {
			isa = XCConfigurationList;
			buildConfigurations = (
				00327C2C3CC345163D107790 /* Debug */,
				7FBC2CE1018B64004EF775D2 /* Release */,
			);
			defaultConfigurationIsVisible = 0;
			defaultConfigurationName = "Debug";
		};
/* End XCConfigurationList section */

	};
	rootObject = 08FB7793FE84155DC02AAC07 /* Project object */;
}
