// !$*UTF8*$!
{
	archiveVersion = 1;
	classes = {
	};
	objectVersion = 45;
	objects = {

/* Begin PBXBuildFile section */
		03393E16224C315202CE4CF0 /* Config.cpp in Sources */ = {isa = PBXBuildFile; fileRef = 1606676B4B7912E912585C80 /* Config.cpp */; };
		078F4F7135F56FB56EA55005 /* JoystickRemapping.cpp in Sources */ = {isa = PBXBuildFile; fileRef = 3C72158A46924635717F7491 /* JoystickRemapping.cpp */; };
		330D203F3A750BD907B3290A /* Joystick.cpp in Sources */ = {isa = PBXBuildFile; fileRef = 46915D7E0E1A5D89737876DB /* Joystick.cpp */; };
		4209661E492955E00B605346 /* GameController.cpp in Sources */ = {isa = PBXBuildFile; fileRef = 6B4A7EAC68B158392B26628B /* GameController.cpp */; };
		4B9C7FAB696D0BDC368E4ABB /* App.cpp in Sources */ = {isa = PBXBuildFile; fileRef = 1D204A62162154723D5B36EA /* App.cpp */; };
		54AF495B0B7E3E8D54E0691D /* main.cpp in Sources */ = {isa = PBXBuildFile; fileRef = 1551034415877ABF1B31532D /* main.cpp */; };
		5B0124D469023BE16DE55F46 /* JoystickIgnore.cpp in Sources */ = {isa = PBXBuildFile; fileRef = 002A58EF3AB7635310675AA2 /* JoystickIgnore.cpp */; };
		6CFE255D30EE5C685A573731 /* DeviceManager.cpp in Sources */ = {isa = PBXBuildFile; fileRef = 08281B7723702CCD011C060F /* DeviceManager.cpp */; };
/* End PBXBuildFile section */

/* Begin PBXFileReference section */
		002A58EF3AB7635310675AA2 /* JoystickIgnore.cpp */ = {isa = PBXFileReference; lastKnownFileType = sourcecode.cpp.cpp; path = JoystickIgnore.cpp; sourceTree = "<group>"; };
		08281B7723702CCD011C060F /* DeviceManager.cpp */ = {isa = PBXFileReference; lastKnownFileType = sourcecode.cpp.cpp; path = DeviceManager.cpp; sourceTree = "<group>"; };
		1551034415877ABF1B31532D /* main.cpp */ = {isa = PBXFileReference; lastKnownFileType = sourcecode.cpp.cpp; path = main.cpp; sourceTree = "<group>"; };
		1606676B4B7912E912585C80 /* Config.cpp */ = {isa = PBXFileReference; lastKnownFileType = sourcecode.cpp.cpp; path = Config.cpp; sourceTree = "<group>"; };
		1D204A62162154723D5B36EA /* App.cpp */ = {isa = PBXFileReference; lastKnownFileType = sourcecode.cpp.cpp; path = App.cpp; sourceTree = "<group>"; };
		38BD16906FF20E1F1FE046CD /* JoystickRemapping.h */ = {isa = PBXFileReference; lastKnownFileType = sourcecode.c.h; path = JoystickRemapping.h; sourceTree = "<group>"; };
		3C72158A46924635717F7491 /* JoystickRemapping.cpp */ = {isa = PBXFileReference; lastKnownFileType = sourcecode.cpp.cpp; path = JoystickRemapping.cpp; sourceTree = "<group>"; };
		3DF73A0E145D6E2F6B04623E /* Config.h */ = {isa = PBXFileReference; lastKnownFileType = sourcecode.c.h; path = Config.h; sourceTree = "<group>"; };
		455C2AD059A6421245B7004E /* Log.h */ = {isa = PBXFileReference; lastKnownFileType = sourcecode.c.h; path = Log.h; sourceTree = "<group>"; };
		46915D7E0E1A5D89737876DB /* Joystick.cpp */ = {isa = PBXFileReference; lastKnownFileType = sourcecode.cpp.cpp; path = Joystick.cpp; sourceTree = "<group>"; };
		4EA1551778B010285A01035C /* GameController.h */ = {isa = PBXFileReference; lastKnownFileType = sourcecode.c.h; path = GameController.h; sourceTree = "<group>"; };
		53AC54034A0D1CE134B644BA /* rc-unitd */ = {isa = PBXFileReference; explicitFileType = "compiled.mach-o.executable"; includeInIndex = 0; path = "rc-unitd"; sourceTree = BUILT_PRODUCTS_DIR; };
		61823C61322413D539B93588 /* Joystick.h */ = {isa = PBXFileReference; lastKnownFileType = sourcecode.c.h; path = Joystick.h; sourceTree = "<group>"; };
		656E55496A1727407CBB0C6E /* Common.h */ = {isa = PBXFileReference; lastKnownFileType = sourcecode.c.h; path = Common.h; sourceTree = "<group>"; };
		6B4A7EAC68B158392B26628B /* GameController.cpp */ = {isa = PBXFileReference; lastKnownFileType = sourcecode.cpp.cpp; path = GameController.cpp; sourceTree = "<group>"; };
		7245478D1FE5316D6D3F6E1B /* App.h */ = {isa = PBXFileReference; lastKnownFileType = sourcecode.c.h; path = App.h; sourceTree = "<group>"; };
		755A28376AC3420361B2258F /* Device.h */ = {isa = PBXFileReference; lastKnownFileType = sourcecode.c.h; path = Device.h; sourceTree = "<group>"; };
		77C75EF82B7F2C75693868A7 /* JoystickIgnore.h */ = {isa = PBXFileReference; lastKnownFileType = sourcecode.c.h; path = JoystickIgnore.h; sourceTree = "<group>"; };
		7FAF5BB440DC49650F235316 /* DeviceManager.h */ = {isa = PBXFileReference; lastKnownFileType = sourcecode.c.h; path = DeviceManager.h; sourceTree = "<group>"; };
/* End PBXFileReference section */

/* Begin PBXFrameworksBuildPhase section */
		3A1A379C021428B139B73CB2 /* Frameworks */ = {
			isa = PBXFrameworksBuildPhase;
			buildActionMask = 2147483647;
			files = (
			);
			runOnlyForDeploymentPostprocessing = 0;
		};
/* End PBXFrameworksBuildPhase section */

/* Begin PBXGroup section */
		1AEC7DB46C2D1DFB58B21A0C /* rc-unitd */ = {
			isa = PBXGroup;
			children = (
				1D204A62162154723D5B36EA /* App.cpp */,
				7245478D1FE5316D6D3F6E1B /* App.h */,
				656E55496A1727407CBB0C6E /* Common.h */,
				1606676B4B7912E912585C80 /* Config.cpp */,
				3DF73A0E145D6E2F6B04623E /* Config.h */,
				755A28376AC3420361B2258F /* Device.h */,
				08281B7723702CCD011C060F /* DeviceManager.cpp */,
				7FAF5BB440DC49650F235316 /* DeviceManager.h */,
				6B4A7EAC68B158392B26628B /* GameController.cpp */,
				4EA1551778B010285A01035C /* GameController.h */,
				46915D7E0E1A5D89737876DB /* Joystick.cpp */,
				61823C61322413D539B93588 /* Joystick.h */,
				002A58EF3AB7635310675AA2 /* JoystickIgnore.cpp */,
				77C75EF82B7F2C75693868A7 /* JoystickIgnore.h */,
				3C72158A46924635717F7491 /* JoystickRemapping.cpp */,
				38BD16906FF20E1F1FE046CD /* JoystickRemapping.h */,
				455C2AD059A6421245B7004E /* Log.h */,
				1551034415877ABF1B31532D /* main.cpp */,
			);
			path = "rc-unitd";
			sourceTree = "<group>";
		};
		2AE418B60FE3415572AB56B7 /* Products */ = {
			isa = PBXGroup;
			children = (
				53AC54034A0D1CE134B644BA /* rc-unitd */,
			);
			name = Products;
			sourceTree = "<group>";
		};
		6AB85F9C17177329218A1B4B /* rc-unitd */ = {
			isa = PBXGroup;
			children = (
				7F250BDE49F935F921604C2C /* src */,
				2AE418B60FE3415572AB56B7 /* Products */,
			);
			name = "rc-unitd";
			sourceTree = "<group>";
		};
		7F250BDE49F935F921604C2C /* src */ = {
			isa = PBXGroup;
			children = (
				1AEC7DB46C2D1DFB58B21A0C /* rc-unitd */,
			);
			name = src;
			path = ../src;
			sourceTree = "<group>";
		};
/* End PBXGroup section */

/* Begin PBXNativeTarget section */
		377E38BF25D41CD37DD421AB /* rc-unitd */ = {
			isa = PBXNativeTarget;
			buildConfigurationList = 0D3810F302F2047B3AEC6163 /* Build configuration list for PBXNativeTarget "rc-unitd" */;
			buildPhases = (
				656F045661CF6931329649B8 /* Resources */,
				039A2D1D6A1654BD6EA95516 /* Sources */,
				3A1A379C021428B139B73CB2 /* Frameworks */,
			);
			buildRules = (
			);
			dependencies = (
			);
			name = "rc-unitd";
			productInstallPath = "$(HOME)/bin";
			productName = "rc-unitd";
			productReference = 53AC54034A0D1CE134B644BA /* rc-unitd */;
			productType = "com.apple.product-type.tool";
		};
/* End PBXNativeTarget section */

/* Begin PBXProject section */
		08FB7793FE84155DC02AAC07 /* Project object */ = {
			isa = PBXProject;
			attributes = {
			};
			buildConfigurationList = 1DEB928908733DD80010E9CD /* Build configuration list for PBXProject "rc-unitd" */;
			compatibilityVersion = "Xcode 3.1";
			developmentRegion = English;
			hasScannedForEncodings = 1;
			knownRegions = (
				en,
			);
			mainGroup = 6AB85F9C17177329218A1B4B /* rc-unitd */;
			projectDirPath = "";
			projectRoot = "";
			targets = (
				377E38BF25D41CD37DD421AB /* rc-unitd */,
			);
		};
/* End PBXProject section */

/* Begin PBXResourcesBuildPhase section */
		656F045661CF6931329649B8 /* Resources */ = {
			isa = PBXResourcesBuildPhase;
			buildActionMask = 2147483647;
			files = (
			);
			runOnlyForDeploymentPostprocessing = 0;
		};
/* End PBXResourcesBuildPhase section */

/* Begin PBXSourcesBuildPhase section */
		039A2D1D6A1654BD6EA95516 /* Sources */ = {
			isa = PBXSourcesBuildPhase;
			buildActionMask = 2147483647;
			files = (
				4B9C7FAB696D0BDC368E4ABB /* App.cpp in Sources */,
				03393E16224C315202CE4CF0 /* Config.cpp in Sources */,
				6CFE255D30EE5C685A573731 /* DeviceManager.cpp in Sources */,
				4209661E492955E00B605346 /* GameController.cpp in Sources */,
				330D203F3A750BD907B3290A /* Joystick.cpp in Sources */,
				5B0124D469023BE16DE55F46 /* JoystickIgnore.cpp in Sources */,
				078F4F7135F56FB56EA55005 /* JoystickRemapping.cpp in Sources */,
				54AF495B0B7E3E8D54E0691D /* main.cpp in Sources */,
			);
			runOnlyForDeploymentPostprocessing = 0;
		};
/* End PBXSourcesBuildPhase section */

/* Begin XCBuildConfiguration section */
		14AB0923032A5D0A599C3436 /* Debug */ = {
			isa = XCBuildConfiguration;
			buildSettings = {
				ALWAYS_SEARCH_USER_PATHS = NO;
				CONFIGURATION_BUILD_DIR = "../src/rc-unitd";
				GCC_DYNAMIC_NO_PIC = NO;
				GCC_MODEL_TUNING = G5;
				INSTALL_PATH = /usr/local/bin;
				PRODUCT_NAME = "rc-unitd";
			};
			name = Debug;
		};
		304F270D7AD152EA40552C96 /* Release */ = {
			isa = XCBuildConfiguration;
			buildSettings = {
				ARCHS = "$(NATIVE_ARCH_ACTUAL)";
				CONFIGURATION_BUILD_DIR = "$(SYMROOT)";
				CONFIGURATION_TEMP_DIR = "$(OBJROOT)";
				GCC_C_LANGUAGE_STANDARD = gnu99;
				GCC_OPTIMIZATION_LEVEL = s;
				GCC_PREPROCESSOR_DEFINITIONS = NDEBUG;
				GCC_WARN_ABOUT_RETURN_TYPE = YES;
				GCC_WARN_UNUSED_VARIABLE = YES;
				HEADER_SEARCH_PATHS = (
					../src,
					../externals,
					../externals/xmlframework,
					../externals/oscframework,
					/usr/local/include,
					/usr/local/include/SDL2,
				);
				LIBRARY_SEARCH_PATHS = (
					../externals/xmlframework,
					../externals/oscframework,
					/usr/local/lib,
				);
				OBJROOT = "../obj/Release/rc-unitd";
				ONLY_ACTIVE_ARCH = NO;
				OTHER_CFLAGS = "-DHAVE_CONFIG_H";
				OTHER_LDFLAGS = (
					"-loscframework",
					"-lxmlframework",
					"-llo",
					"-lpthread",
					"-lSDL2",
					"-Wl,-framework,Cocoa",
					"-Wl,-framework,OpenGL",
					"-Wl,-framework,ApplicationServices",
					"-Wl,-framework,Carbon",
					"-Wl,-framework,AudioToolbox",
					"-Wl,-framework,AudioUnit",
					"-Wl,-framework,IOKit",
				);
				PREBINDING = NO;
				SYMROOT = "../src/rc-unitd";
			};
			name = Release;
		};
		489B72DD2770645E08E16C03 /* Debug */ = {
			isa = XCBuildConfiguration;
			buildSettings = {
				ARCHS = "$(NATIVE_ARCH_ACTUAL)";
				CONFIGURATION_BUILD_DIR = "$(SYMROOT)";
				CONFIGURATION_TEMP_DIR = "$(OBJROOT)";
				COPY_PHASE_STRIP = NO;
				GCC_C_LANGUAGE_STANDARD = gnu99;
				GCC_ENABLE_FIX_AND_CONTINUE = YES;
				GCC_OPTIMIZATION_LEVEL = 0;
				GCC_PREPROCESSOR_DEFINITIONS = DEBUG;
				GCC_WARN_ABOUT_RETURN_TYPE = YES;
				GCC_WARN_UNUSED_VARIABLE = YES;
				HEADER_SEARCH_PATHS = (
					../src,
					../externals,
					../externals/xmlframework,
					../externals/oscframework,
					/usr/local/include,
					/usr/local/include/SDL2,
				);
				LIBRARY_SEARCH_PATHS = (
					../externals/xmlframework,
					../externals/oscframework,
					/usr/local/lib,
				);
				OBJROOT = "../obj/Debug/rc-unitd";
				ONLY_ACTIVE_ARCH = NO;
				OTHER_CFLAGS = "-DHAVE_CONFIG_H";
				OTHER_LDFLAGS = (
					"-loscframework",
					"-lxmlframework",
					"-llo",
					"-lpthread",
					"-lSDL2",
					"-Wl,-framework,Cocoa",
					"-Wl,-framework,OpenGL",
					"-Wl,-framework,ApplicationServices",
					"-Wl,-framework,Carbon",
					"-Wl,-framework,AudioToolbox",
					"-Wl,-framework,AudioUnit",
					"-Wl,-framework,IOKit",
				);
				PREBINDING = NO;
				SYMROOT = "../src/rc-unitd";
			};
			name = Debug;
		};
		6D5043795E9800037E125F68 /* Release */ = {
			isa = XCBuildConfiguration;
			buildSettings = {
				ALWAYS_SEARCH_USER_PATHS = NO;
				CONFIGURATION_BUILD_DIR = "../src/rc-unitd";
				DEBUG_INFORMATION_FORMAT = "dwarf-with-dsym";
				GCC_DYNAMIC_NO_PIC = NO;
				GCC_MODEL_TUNING = G5;
				INSTALL_PATH = /usr/local/bin;
				PRODUCT_NAME = "rc-unitd";
			};
			name = Release;
		};
/* End XCBuildConfiguration section */

/* Begin XCConfigurationList section */
		0D3810F302F2047B3AEC6163 /* Build configuration list for PBXNativeTarget "rc-unitd" */ = {
			isa = XCConfigurationList;
			buildConfigurations = (
				14AB0923032A5D0A599C3436 /* Debug */,
				6D5043795E9800037E125F68 /* Release */,
			);
			defaultConfigurationIsVisible = 0;
			defaultConfigurationName = Debug;
		};
		1DEB928908733DD80010E9CD /* Build configuration list for PBXProject "rc-unitd" */ = {
			isa = XCConfigurationList;
			buildConfigurations = (
				489B72DD2770645E08E16C03 /* Debug */,
				304F270D7AD152EA40552C96 /* Release */,
			);
			defaultConfigurationIsVisible = 0;
			defaultConfigurationName = Debug;
		};
/* End XCConfigurationList section */
	};
	rootObject = 08FB7793FE84155DC02AAC07 /* Project object */;
}
