// !$*UTF8*$!
{
	archiveVersion = 1;
	classes = {
	};
	objectVersion = 45;
	objects = {

/* Begin PBXBuildFile section */
		3EFE1F274DFA001269700090 /* libunit.a in Frameworks */ = {isa = PBXBuildFile; fileRef = 010056AE4738001269700090 /* libunit.a */; };
		557877B403DD001269700090 /* App.cpp in Sources */ = {isa = PBXBuildFile; fileRef = 102047242116001269700090 /* App.cpp */; };
		77051EFA663A001269700090 /* main.cpp in Sources */ = {isa = PBXBuildFile; fileRef = 24F976292268001269700090 /* main.cpp */; };
/* End PBXBuildFile section */

/* Begin PBXContainerItemProxy section */
		1A800402209B001269700090 /* PBXContainerItemProxy */ = {
			isa = PBXContainerItemProxy;
			containerPortal = 7FD65CDD639B001269700090 /* unit.xcodeproj */;
			proxyType = 2;
			remoteGlobalIDString = 122438CD4C39001269700090;
			remoteInfo = libunit.a;
		};
		3A4C6573618C001269700090 /* PBXContainerItemProxy */ = {
			isa = PBXContainerItemProxy;
			containerPortal = 7FD65CDD639B001269700090 /* unit.xcodeproj */;
			proxyType = 1;
			remoteGlobalIDString = 640F25484B26001269700090;
			remoteInfo = libunit.a;
		};
/* End PBXContainerItemProxy section */

/* Begin PBXFileReference section */
		102047242116001269700090 /* App.cpp */ = {isa = PBXFileReference; lastKnownFileType = sourcecode.cpp.cpp; path = App.cpp; sourceTree = "<group>"; };
		24F976292268001269700090 /* main.cpp */ = {isa = PBXFileReference; lastKnownFileType = sourcecode.cpp.cpp; path = main.cpp; sourceTree = "<group>"; };
		386C76664A3F001269700090 /* App.h */ = {isa = PBXFileReference; lastKnownFileType = sourcecode.c.h; path = App.h; sourceTree = "<group>"; };
		38840D81504F001269700090 /* rc-unitd */ = {isa = PBXFileReference; explicitFileType = "compiled.mach-o.executable"; includeInIndex = 0; path = "rc-unitd"; sourceTree = BUILT_PRODUCTS_DIR; };
		7FD65CDD639B001269700090 /* unit.xcodeproj */ = {isa = PBXFileReference; lastKnownFileType = "wrapper.pb-project"; path = unit.xcodeproj; sourceTree = SOURCE_ROOT; };
/* End PBXFileReference section */

/* Begin PBXFrameworksBuildPhase section */
		7ABB15A91B02001269700090 /* Frameworks */ = {
			isa = PBXFrameworksBuildPhase;
			buildActionMask = 2147483647;
			files = (
				3EFE1F274DFA001269700090 /* libunit.a in Frameworks */,
			);
			runOnlyForDeploymentPostprocessing = 0;
		};
/* End PBXFrameworksBuildPhase section */

/* Begin PBXGroup section */
		21F257CA48AF001269700090 /* Products */ = {
			isa = PBXGroup;
			children = (
				38840D81504F001269700090 /* rc-unitd */,
			);
			name = Products;
			sourceTree = "<group>";
		};
		3372019773B3001269700090 /* Products */ = {
			isa = PBXGroup;
			children = (
				010056AE4738001269700090 /* libunit.a */,
			);
			name = Products;
			sourceTree = "<group>";
		};
		38B435A05ACA001269700090 /* rc-unitd */ = {
			isa = PBXGroup;
			children = (
				102047242116001269700090 /* App.cpp */,
				386C76664A3F001269700090 /* App.h */,
				24F976292268001269700090 /* main.cpp */,
			);
			path = "rc-unitd";
			sourceTree = "<group>";
		};
		51CB782A4D3E001269700090 /* rc-unitd */ = {
			isa = PBXGroup;
			children = (
				59786DA1790E001269700090 /* src */,
				21F257CA48AF001269700090 /* Products */,
				5BBD07FF1F7D001269700090 /* Projects */,
			);
			name = "rc-unitd";
			sourceTree = "<group>";
		};
		59786DA1790E001269700090 /* src */ = {
			isa = PBXGroup;
			children = (
				38B435A05ACA001269700090 /* rc-unitd */,
			);
			name = src;
			path = ../src;
			sourceTree = "<group>";
		};
		5BBD07FF1F7D001269700090 /* Projects */ = {
			isa = PBXGroup;
			children = (
				7FD65CDD639B001269700090 /* unit.xcodeproj */,
			);
			name = Projects;
			sourceTree = "<group>";
		};
/* End PBXGroup section */

/* Begin PBXNativeTarget section */
		0C9926EB2E5B001269700090 /* rc-unitd */ = {
			isa = PBXNativeTarget;
			buildConfigurationList = 12A469651E0C001269700090 /* Build configuration list for PBXNativeTarget "rc-unitd" */;
			buildPhases = (
				2905203F2D7C001269700090 /* Resources */,
				67A65D092149001269700090 /* Sources */,
				7ABB15A91B02001269700090 /* Frameworks */,
			);
			buildRules = (
			);
			dependencies = (
				459E293F1219001269700090 /* PBXTargetDependency */,
			);
			name = "rc-unitd";
			productInstallPath = "$(HOME)/bin";
			productName = "rc-unitd";
			productReference = 38840D81504F001269700090 /* rc-unitd */;
			productType = "com.apple.product-type.tool";
		};
/* End PBXNativeTarget section */

/* Begin PBXProject section */
		08FB7793FE84155DC02AAC07 /* Project object */ = {
			isa = PBXProject;
			buildConfigurationList = 1DEB928908733DD80010E9CD /* Build configuration list for PBXProject "rc-unitd" */;
			compatibilityVersion = "Xcode 3.1";
			hasScannedForEncodings = 1;
			mainGroup = 51CB782A4D3E001269700090 /* rc-unitd */;
			projectDirPath = "";
			projectReferences = (
				{
					ProductGroup = 3372019773B3001269700090 /* Products */;
					ProjectRef = 7FD65CDD639B001269700090 /* unit.xcodeproj */;
				},
			);
			projectRoot = "";
			targets = (
				0C9926EB2E5B001269700090 /* rc-unitd */,
			);
		};
/* End PBXProject section */

/* Begin PBXReferenceProxy section */
		010056AE4738001269700090 /* libunit.a */ = {
			isa = PBXReferenceProxy;
			fileType = archive.ar;
			path = libunit.a;
			remoteRef = 1A800402209B001269700090 /* PBXContainerItemProxy */;
			sourceTree = BUILT_PRODUCTS_DIR;
		};
/* End PBXReferenceProxy section */

/* Begin PBXResourcesBuildPhase section */
		2905203F2D7C001269700090 /* Resources */ = {
			isa = PBXResourcesBuildPhase;
			buildActionMask = 2147483647;
			files = (
			);
			runOnlyForDeploymentPostprocessing = 0;
		};
/* End PBXResourcesBuildPhase section */

/* Begin PBXSourcesBuildPhase section */
		67A65D092149001269700090 /* Sources */ = {
			isa = PBXSourcesBuildPhase;
			buildActionMask = 2147483647;
			files = (
				557877B403DD001269700090 /* App.cpp in Sources */,
				77051EFA663A001269700090 /* main.cpp in Sources */,
			);
			runOnlyForDeploymentPostprocessing = 0;
		};
/* End PBXSourcesBuildPhase section */

/* Begin PBXTargetDependency section */
		459E293F1219001269700090 /* PBXTargetDependency */ = {
			isa = PBXTargetDependency;
			name = libunit.a;
			targetProxy = 3A4C6573618C001269700090 /* PBXContainerItemProxy */;
		};
/* End PBXTargetDependency section */

/* Begin XCBuildConfiguration section */
		3A3E52FD675E001269700090 /* Debug */ = {
			isa = XCBuildConfiguration;
			buildSettings = {
				ALWAYS_SEARCH_USER_PATHS = NO;
				CONFIGURATION_BUILD_DIR = ../bin;
				GCC_DYNAMIC_NO_PIC = NO;
				GCC_MODEL_TUNING = G5;
				INSTALL_PATH = /usr/local/bin;
				PRODUCT_NAME = "rc-unitd";
			};
			name = Debug;
		};
		6249658C7465001269700090 /* Release */ = {
			isa = XCBuildConfiguration;
			buildSettings = {
				ARCHS = "$(NATIVE_ARCH_ACTUAL)";
				CONFIGURATION_BUILD_DIR = "$(SYMROOT)";
				CONFIGURATION_TEMP_DIR = "$(OBJROOT)";
				GCC_C_LANGUAGE_STANDARD = gnu99;
				GCC_OPTIMIZATION_LEVEL = s;
				GCC_PREPROCESSOR_DEFINITIONS = NDEBUG;
				GCC_WARN_ABOUT_RETURN_TYPE = YES;
				GCC_WARN_UNUSED_VARIABLE = YES;
				HEADER_SEARCH_PATHS = (
					../src,
					../src/lib,
					../externals/xmlframework/src,
					../externals/oscframework/src,
					../externals,
					../../../../../opt/local/include,
				);
				LIBRARY_SEARCH_PATHS = (
					../externals/xmlframework/src/xmlframework,
					../externals/oscframework/src/oscframework,
					../../../../../opt/local/lib,
				);
				OBJROOT = "../obj/Release/rc-unitd";
				ONLY_ACTIVE_ARCH = NO;
				OTHER_LDFLAGS = (
					"-loscframework",
					"-lxmlframework",
					"-llo",
					"-lpthread",
					"-lSDLmain",
					"-lSDL",
					"-Wl,-framework,Cocoa",
					"-Wl,-framework,OpenGL",
					"-Wl,-framework,ApplicationServices",
					"-Wl,-framework,Carbon",
					"-Wl,-framework,AudioToolbox",
					"-Wl,-framework,AudioUnit",
					"-Wl,-framework,IOKit",
				);
				PREBINDING = NO;
				SYMROOT = ../bin;
			};
			name = Release;
		};
		640B116272BD001269700090 /* Debug */ = {
			isa = XCBuildConfiguration;
			buildSettings = {
				ARCHS = "$(NATIVE_ARCH_ACTUAL)";
				CONFIGURATION_BUILD_DIR = "$(SYMROOT)";
				CONFIGURATION_TEMP_DIR = "$(OBJROOT)";
				COPY_PHASE_STRIP = NO;
				GCC_C_LANGUAGE_STANDARD = gnu99;
				GCC_ENABLE_FIX_AND_CONTINUE = YES;
				GCC_OPTIMIZATION_LEVEL = 0;
				GCC_PREPROCESSOR_DEFINITIONS = DEBUG;
				GCC_WARN_ABOUT_RETURN_TYPE = YES;
				GCC_WARN_UNUSED_VARIABLE = YES;
				HEADER_SEARCH_PATHS = (
					../src,
					../src/lib,
					../externals/xmlframework/src,
					../externals/oscframework/src,
					../externals,
					../../../../../opt/local/include,
				);
				LIBRARY_SEARCH_PATHS = (
					../externals/xmlframework/src/xmlframework,
					../externals/oscframework/src/oscframework,
					../../../../../opt/local/lib,
				);
				OBJROOT = "../obj/Debug/rc-unitd";
				ONLY_ACTIVE_ARCH = NO;
				OTHER_LDFLAGS = (
					"-loscframework",
					"-lxmlframework",
					"-llo",
					"-lpthread",
					"-lSDLmain",
					"-lSDL",
					"-Wl,-framework,Cocoa",
					"-Wl,-framework,OpenGL",
					"-Wl,-framework,ApplicationServices",
					"-Wl,-framework,Carbon",
					"-Wl,-framework,AudioToolbox",
					"-Wl,-framework,AudioUnit",
					"-Wl,-framework,IOKit",
				);
				PREBINDING = NO;
				SYMROOT = ../bin;
			};
			name = Debug;
		};
		77BA5D9C5E1F001269700090 /* Release */ = {
			isa = XCBuildConfiguration;
			buildSettings = {
				ALWAYS_SEARCH_USER_PATHS = NO;
				CONFIGURATION_BUILD_DIR = ../bin;
				DEBUG_INFORMATION_FORMAT = "dwarf-with-dsym";
				GCC_DYNAMIC_NO_PIC = NO;
				GCC_MODEL_TUNING = G5;
				INSTALL_PATH = /usr/local/bin;
				PRODUCT_NAME = "rc-unitd";
			};
			name = Release;
		};
/* End XCBuildConfiguration section */

/* Begin XCConfigurationList section */
		12A469651E0C001269700090 /* Build configuration list for PBXNativeTarget "rc-unitd" */ = {
			isa = XCConfigurationList;
			buildConfigurations = (
				3A3E52FD675E001269700090 /* Debug */,
				77BA5D9C5E1F001269700090 /* Release */,
			);
			defaultConfigurationIsVisible = 0;
			defaultConfigurationName = Debug;
		};
		1DEB928908733DD80010E9CD /* Build configuration list for PBXProject "rc-unitd" */ = {
			isa = XCConfigurationList;
			buildConfigurations = (
				640B116272BD001269700090 /* Debug */,
				6249658C7465001269700090 /* Release */,
			);
			defaultConfigurationIsVisible = 0;
			defaultConfigurationName = Debug;
		};
/* End XCConfigurationList section */
	};
	rootObject = 08FB7793FE84155DC02AAC07 /* Project object */;
}
