// !$*UTF8*$!
{
	archiveVersion = 1;
	classes = {
	};
	objectVersion = 45;
	objects = {

/* Begin PBXBuildFile section */
		02DA6BBD6FFA001269700090 /* Config.cpp in Sources */ = {isa = PBXBuildFile; fileRef = 2C14041F3A1A001269700090 /* Config.cpp */; };
		0DA236A530B9001269700090 /* JoystickDevice.cpp in Sources */ = {isa = PBXBuildFile; fileRef = 61086E8A5A05001269700090 /* JoystickDevice.cpp */; };
		61AF2A0539C3001269700090 /* JoystickManager.cpp in Sources */ = {isa = PBXBuildFile; fileRef = 37A028E3753C001269700090 /* JoystickManager.cpp */; };
/* End PBXBuildFile section */

/* Begin PBXFileReference section */
		0F9135CD634E001269700090 /* Common.h */ = {isa = PBXFileReference; lastKnownFileType = sourcecode.c.h; path = Common.h; sourceTree = "<group>"; };
		122438CD4C39001269700090 /* libunit.a */ = {isa = PBXFileReference; explicitFileType = archive.ar; includeInIndex = 0; path = libunit.a; sourceTree = BUILT_PRODUCTS_DIR; };
		1DCD2A8C517A001269700090 /* Log.h */ = {isa = PBXFileReference; lastKnownFileType = sourcecode.c.h; path = Log.h; sourceTree = "<group>"; };
		2C14041F3A1A001269700090 /* Config.cpp */ = {isa = PBXFileReference; lastKnownFileType = sourcecode.cpp.cpp; path = Config.cpp; sourceTree = "<group>"; };
		37A028E3753C001269700090 /* JoystickManager.cpp */ = {isa = PBXFileReference; lastKnownFileType = sourcecode.cpp.cpp; path = JoystickManager.cpp; sourceTree = "<group>"; };
		478D2D357FA4001269700090 /* Config.h */ = {isa = PBXFileReference; lastKnownFileType = sourcecode.c.h; path = Config.h; sourceTree = "<group>"; };
		5ECB081B505B001269700090 /* JoystickManager.h */ = {isa = PBXFileReference; lastKnownFileType = sourcecode.c.h; path = JoystickManager.h; sourceTree = "<group>"; };
		61086E8A5A05001269700090 /* JoystickDevice.cpp */ = {isa = PBXFileReference; lastKnownFileType = sourcecode.cpp.cpp; path = JoystickDevice.cpp; sourceTree = "<group>"; };
		630E65CA3C84001269700090 /* JoystickDevice.h */ = {isa = PBXFileReference; lastKnownFileType = sourcecode.c.h; path = JoystickDevice.h; sourceTree = "<group>"; };
		69B43E3111A8001269700090 /* Device.h */ = {isa = PBXFileReference; lastKnownFileType = sourcecode.c.h; path = Device.h; sourceTree = "<group>"; };
/* End PBXFileReference section */

/* Begin PBXFrameworksBuildPhase section */
		773777ED014C001269700090 /* Frameworks */ = {
			isa = PBXFrameworksBuildPhase;
			buildActionMask = 2147483647;
			files = (
			);
			runOnlyForDeploymentPostprocessing = 0;
		};
/* End PBXFrameworksBuildPhase section */

/* Begin PBXGroup section */
		0CE723E26AF4001269700090 /* src */ = {
			isa = PBXGroup;
			children = (
				73BC3D940029001269700090 /* lib */,
			);
			name = src;
			path = ../src;
			sourceTree = "<group>";
		};
		4AC90B734D8F001269700090 /* unit */ = {
			isa = PBXGroup;
			children = (
				0CE723E26AF4001269700090 /* src */,
				573E5E107130001269700090 /* Products */,
			);
			name = unit;
			sourceTree = "<group>";
		};
		573E5E107130001269700090 /* Products */ = {
			isa = PBXGroup;
			children = (
				122438CD4C39001269700090 /* libunit.a */,
			);
			name = Products;
			sourceTree = "<group>";
		};
		73BC3D940029001269700090 /* lib */ = {
			isa = PBXGroup;
			children = (
				0F9135CD634E001269700090 /* Common.h */,
				2C14041F3A1A001269700090 /* Config.cpp */,
				478D2D357FA4001269700090 /* Config.h */,
				69B43E3111A8001269700090 /* Device.h */,
				61086E8A5A05001269700090 /* JoystickDevice.cpp */,
				630E65CA3C84001269700090 /* JoystickDevice.h */,
				37A028E3753C001269700090 /* JoystickManager.cpp */,
				5ECB081B505B001269700090 /* JoystickManager.h */,
				1DCD2A8C517A001269700090 /* Log.h */,
			);
			path = lib;
			sourceTree = "<group>";
		};
/* End PBXGroup section */

/* Begin PBXNativeTarget section */
		640F25484B26001269700090 /* unit */ = {
			isa = PBXNativeTarget;
			buildConfigurationList = 2A8D2DA60A18001269700090 /* Build configuration list for PBXNativeTarget "unit" */;
			buildPhases = (
				5B5B741752E6001269700090 /* Resources */,
				113741A60287001269700090 /* Sources */,
				773777ED014C001269700090 /* Frameworks */,
			);
			buildRules = (
			);
			dependencies = (
			);
			name = unit;
			productName = unit;
			productReference = 122438CD4C39001269700090 /* libunit.a */;
			productType = "com.apple.product-type.library.static";
		};
/* End PBXNativeTarget section */

/* Begin PBXProject section */
		08FB7793FE84155DC02AAC07 /* Project object */ = {
			isa = PBXProject;
			buildConfigurationList = 1DEB928908733DD80010E9CD /* Build configuration list for PBXProject "unit" */;
			compatibilityVersion = "Xcode 3.1";
			hasScannedForEncodings = 1;
			mainGroup = 4AC90B734D8F001269700090 /* unit */;
			projectDirPath = "";
			projectRoot = "";
			targets = (
				640F25484B26001269700090 /* unit */,
			);
		};
/* End PBXProject section */

/* Begin PBXResourcesBuildPhase section */
		5B5B741752E6001269700090 /* Resources */ = {
			isa = PBXResourcesBuildPhase;
			buildActionMask = 2147483647;
			files = (
			);
			runOnlyForDeploymentPostprocessing = 0;
		};
/* End PBXResourcesBuildPhase section */

/* Begin PBXSourcesBuildPhase section */
		113741A60287001269700090 /* Sources */ = {
			isa = PBXSourcesBuildPhase;
			buildActionMask = 2147483647;
			files = (
				02DA6BBD6FFA001269700090 /* Config.cpp in Sources */,
				0DA236A530B9001269700090 /* JoystickDevice.cpp in Sources */,
				61AF2A0539C3001269700090 /* JoystickManager.cpp in Sources */,
			);
			runOnlyForDeploymentPostprocessing = 0;
		};
/* End PBXSourcesBuildPhase section */

/* Begin XCBuildConfiguration section */
		04522991092D001269700090 /* Debug */ = {
			isa = XCBuildConfiguration;
			buildSettings = {
				ALWAYS_SEARCH_USER_PATHS = NO;
				CONFIGURATION_BUILD_DIR = ../lib;
				GCC_DYNAMIC_NO_PIC = NO;
				GCC_MODEL_TUNING = G5;
				INSTALL_PATH = /usr/local/lib;
				PRODUCT_NAME = unit;
			};
			name = Debug;
		};
		244B6AB46FCD001269700090 /* Debug */ = {
			isa = XCBuildConfiguration;
			buildSettings = {
				ARCHS = "$(NATIVE_ARCH_ACTUAL)";
				CONFIGURATION_BUILD_DIR = "$(SYMROOT)";
				CONFIGURATION_TEMP_DIR = "$(OBJROOT)";
				COPY_PHASE_STRIP = NO;
				GCC_C_LANGUAGE_STANDARD = gnu99;
				GCC_ENABLE_FIX_AND_CONTINUE = YES;
				GCC_OPTIMIZATION_LEVEL = 0;
				GCC_PREPROCESSOR_DEFINITIONS = DEBUG;
				GCC_WARN_ABOUT_RETURN_TYPE = YES;
				GCC_WARN_UNUSED_VARIABLE = YES;
				HEADER_SEARCH_PATHS = (
					../src,
					../externals/xmlframework/src,
					../externals/oscframework/src,
					../externals,
					../../../../../opt/local/include,
				);
				LIBRARY_SEARCH_PATHS = (
					../externals/xmlframework/src/xmlframework,
					../externals/oscframework/src/oscframework,
					../../../../../opt/local/lib,
				);
				OBJROOT = ../obj/Debug/unit;
				ONLY_ACTIVE_ARCH = NO;
				PREBINDING = NO;
				SYMROOT = ../lib;
			};
			name = Debug;
		};
		29C80D7D3AAD001269700090 /* Release */ = {
			isa = XCBuildConfiguration;
			buildSettings = {
				ARCHS = "$(NATIVE_ARCH_ACTUAL)";
				CONFIGURATION_BUILD_DIR = "$(SYMROOT)";
				CONFIGURATION_TEMP_DIR = "$(OBJROOT)";
				GCC_C_LANGUAGE_STANDARD = gnu99;
				GCC_OPTIMIZATION_LEVEL = s;
				GCC_PREPROCESSOR_DEFINITIONS = NDEBUG;
				GCC_WARN_ABOUT_RETURN_TYPE = YES;
				GCC_WARN_UNUSED_VARIABLE = YES;
				HEADER_SEARCH_PATHS = (
					../src,
					../externals/xmlframework/src,
					../externals/oscframework/src,
					../externals,
					../../../../../opt/local/include,
				);
				LIBRARY_SEARCH_PATHS = (
					../externals/xmlframework/src/xmlframework,
					../externals/oscframework/src/oscframework,
					../../../../../opt/local/lib,
				);
				OBJROOT = ../obj/Release/unit;
				ONLY_ACTIVE_ARCH = NO;
				PREBINDING = NO;
				SYMROOT = ../lib;
			};
			name = Release;
		};
		33674B11568C001269700090 /* Release */ = {
			isa = XCBuildConfiguration;
			buildSettings = {
				ALWAYS_SEARCH_USER_PATHS = NO;
				CONFIGURATION_BUILD_DIR = ../lib;
				DEBUG_INFORMATION_FORMAT = "dwarf-with-dsym";
				GCC_DYNAMIC_NO_PIC = NO;
				GCC_MODEL_TUNING = G5;
				INSTALL_PATH = /usr/local/lib;
				PRODUCT_NAME = unit;
			};
			name = Release;
		};
/* End XCBuildConfiguration section */

/* Begin XCConfigurationList section */
		1DEB928908733DD80010E9CD /* Build configuration list for PBXProject "unit" */ = {
			isa = XCConfigurationList;
			buildConfigurations = (
				244B6AB46FCD001269700090 /* Debug */,
				29C80D7D3AAD001269700090 /* Release */,
			);
			defaultConfigurationIsVisible = 0;
			defaultConfigurationName = Debug;
		};
		2A8D2DA60A18001269700090 /* Build configuration list for PBXNativeTarget "unit" */ = {
			isa = XCConfigurationList;
			buildConfigurations = (
				04522991092D001269700090 /* Debug */,
				33674B11568C001269700090 /* Release */,
			);
			defaultConfigurationIsVisible = 0;
			defaultConfigurationName = Debug;
		};
/* End XCConfigurationList section */
	};
	rootObject = 08FB7793FE84155DC02AAC07 /* Project object */;
}
