// !$*UTF8*$!
{
	archiveVersion = 1;
	classes = {
	};
	objectVersion = 45;
	objects = {

/* Begin PBXBuildFile section */
		035C14164548001267805982 /* main.cpp in Sources */ = {isa = PBXBuildFile; fileRef = 284C3AFE0308001267805982 /* main.cpp */; };
/* End PBXBuildFile section */

/* Begin PBXFileReference section */
		284C3AFE0308001267805982 /* main.cpp */ = {isa = PBXFileReference; lastKnownFileType = sourcecode.cpp.cpp; name = "main.cpp"; path = "main.cpp"; sourceTree = "<group>"; };
		1E374135335B001267805982 /* rc-unit-notifier */ = {isa = PBXFileReference; explicitFileType = "compiled.mach-o.executable"; includeInIndex = 0; name = "rc-unit-notifier"; path = "rc-unit-notifier"; sourceTree = BUILT_PRODUCTS_DIR; };
/* End PBXFileReference section */

/* Begin PBXFrameworksBuildPhase section */
		3ADF47F61DE3001267805982 /* Frameworks */ = {
			isa = PBXFrameworksBuildPhase;
			buildActionMask = 2147483647;
			files = (
			);
			runOnlyForDeploymentPostprocessing = 0;
		};
/* End PBXFrameworksBuildPhase section */

/* Begin PBXGroup section */
		643E22CE24D0001267805982 /* rc-unit-notifier */ = {
			isa = PBXGroup;
			children = (
				6E9716BE54CD001267805982 /* src */,
				14392CE06169001267805982 /* Products */,
			);
			name = rc-unit-notifier;
			sourceTree = "<group>";
		};
		6E9716BE54CD001267805982 /* src */ = {
			isa = PBXGroup;
			children = (
				1C0674D819A7001267805982 /* rc-unit-notifier */,
			);
			name = src;
			path = ../src;
			sourceTree = "<group>";
		};
		1C0674D819A7001267805982 /* rc-unit-notifier */ = {
			isa = PBXGroup;
			children = (
				284C3AFE0308001267805982 /* main.cpp */,
			);
			name = rc-unit-notifier;
			path = rc-unit-notifier;
			sourceTree = "<group>";
		};
		14392CE06169001267805982 /* Products */ = {
			isa = PBXGroup;
			children = (
				1E374135335B001267805982 /* rc-unit-notifier */,
			);
			name = Products;
			sourceTree = "<group>";
		};
/* End PBXGroup section */

/* Begin PBXNativeTarget section */
		28BB3DD97A72001267805982 /* rc-unit-notifier */ = {
			isa = PBXNativeTarget;
			buildConfigurationList = 499F690A2122001267805982 /* Build configuration list for PBXNativeTarget "rc-unit-notifier" */;
			buildPhases = (
				5AFC757231FB001267805982 /* Resources */,
				76FE35813108001267805982 /* Sources */,
				3ADF47F61DE3001267805982 /* Frameworks */,
			);
			buildRules = (
			);
			dependencies = (
			);
			name = rc-unit-notifier;
			productInstallPath = "$(HOME)/bin";
			productName = rc-unit-notifier;
			productReference = 1E374135335B001267805982 /* rc-unit-notifier */;
			productType = "com.apple.product-type.tool";
		};
/* End PBXNativeTarget section */

/* Begin PBXProject section */
		08FB7793FE84155DC02AAC07 /* Project object */ = {
			isa = PBXProject;
			buildConfigurationList = 1DEB928908733DD80010E9CD /* Build configuration list for PBXProject "rc-unit-notifier" */;
			compatibilityVersion = "Xcode 3.1";
			hasScannedForEncodings = 1;
			mainGroup = 643E22CE24D0001267805982 /* rc-unit-notifier */;
			projectDirPath = "";
			projectRoot = "";
			targets = (
				28BB3DD97A72001267805982 /* rc-unit-notifier */,
			);
		};
/* End PBXProject section */

/* Begin PBXResourcesBuildPhase section */
		5AFC757231FB001267805982 /* Resources */ = {
			isa = PBXResourcesBuildPhase;
			buildActionMask = 2147483647;
			files = (
			);
			runOnlyForDeploymentPostprocessing = 0;
		};
/* End PBXResourcesBuildPhase section */

/* Begin PBXSourcesBuildPhase section */
		76FE35813108001267805982 /* Sources */ = {
			isa = PBXSourcesBuildPhase;
			buildActionMask = 2147483647;
			files = (
				035C14164548001267805982 /* main.cpp in Sources */,
			);
			runOnlyForDeploymentPostprocessing = 0;
		};
/* End PBXSourcesBuildPhase section */

/* Begin PBXVariantGroup section */
/* End PBXVariantGroup section */

/* Begin XCBuildConfiguration section */
		634D779D2223001267805982 /* Debug */ = {
			isa = XCBuildConfiguration;
			buildSettings = {
				ALWAYS_SEARCH_USER_PATHS = NO;
				CONFIGURATION_BUILD_DIR = ../bin;
				GCC_DYNAMIC_NO_PIC = NO;
				GCC_MODEL_TUNING = G5;
				INSTALL_PATH = /usr/local/bin;
				PRODUCT_NAME = "rc-unit-notifier";
			};
			name = "Debug";
		};
		61B3648843B9001267805982 /* Release */ = {
			isa = XCBuildConfiguration;
			buildSettings = {
				ALWAYS_SEARCH_USER_PATHS = NO;
				DEBUG_INFORMATION_FORMAT = "dwarf-with-dsym";
				CONFIGURATION_BUILD_DIR = ../bin;
				GCC_DYNAMIC_NO_PIC = NO;
				GCC_MODEL_TUNING = G5;
				INSTALL_PATH = /usr/local/bin;
				PRODUCT_NAME = "rc-unit-notifier";
			};
			name = "Release";
		};
		52E4073224F5001267805982 /* Debug */ = {
			isa = XCBuildConfiguration;
			buildSettings = {
				ARCHS = "$(NATIVE_ARCH_ACTUAL)";
				CONFIGURATION_BUILD_DIR = "$(SYMROOT)";
				CONFIGURATION_TEMP_DIR = "$(OBJROOT)";
				COPY_PHASE_STRIP = NO;
				GCC_C_LANGUAGE_STANDARD = gnu99;
				GCC_ENABLE_FIX_AND_CONTINUE = YES;
				GCC_OPTIMIZATION_LEVEL = 0;
				GCC_PREPROCESSOR_DEFINITIONS = (
					"DEBUG",
				);
				GCC_WARN_ABOUT_RETURN_TYPE = YES;
				GCC_WARN_UNUSED_VARIABLE = YES;
				HEADER_SEARCH_PATHS = (
					"../src",
					"../src/lib",
					"../externals/include",
					"../../../../../opt/local/include",
				);
				LIBRARY_SEARCH_PATHS = (
					"../externals/lib",
					"../../../../../opt/local/lib",
				);
				OBJROOT = "../obj/Debug/rc-unit-notifier";
				ONLY_ACTIVE_ARCH = NO;
				OTHER_LDFLAGS = (
					"-loscframework",
					"-llo",
					"-lpthread",
					"-lSDLmain",
					"-lSDL",
					"-Wl,-framework,Cocoa",
					"-Wl,-framework,OpenGL",
					"-Wl,-framework,ApplicationServices",
					"-Wl,-framework,Carbon",
					"-Wl,-framework,AudioToolbox",
					"-Wl,-framework,AudioUnit",
					"-Wl,-framework,IOKit",
				);
				PREBINDING = NO;
				SYMROOT = "../bin";
			};
			name = "Debug";
		};
		485503170C9E001267805982 /* Release */ = {
			isa = XCBuildConfiguration;
			buildSettings = {
				ARCHS = "$(NATIVE_ARCH_ACTUAL)";
				CONFIGURATION_BUILD_DIR = "$(SYMROOT)";
				CONFIGURATION_TEMP_DIR = "$(OBJROOT)";
				GCC_C_LANGUAGE_STANDARD = gnu99;
				GCC_OPTIMIZATION_LEVEL = s;
				GCC_PREPROCESSOR_DEFINITIONS = (
					"NDEBUG",
				);
				GCC_WARN_ABOUT_RETURN_TYPE = YES;
				GCC_WARN_UNUSED_VARIABLE = YES;
				HEADER_SEARCH_PATHS = (
					"../src",
					"../src/lib",
					"../externals/include",
					"../../../../../opt/local/include",
				);
				LIBRARY_SEARCH_PATHS = (
					"../externals/lib",
					"../../../../../opt/local/lib",
				);
				OBJROOT = "../obj/Release/rc-unit-notifier";
				ONLY_ACTIVE_ARCH = NO;
				OTHER_LDFLAGS = (
					"-loscframework",
					"-llo",
					"-lpthread",
					"-lSDLmain",
					"-lSDL",
					"-Wl,-framework,Cocoa",
					"-Wl,-framework,OpenGL",
					"-Wl,-framework,ApplicationServices",
					"-Wl,-framework,Carbon",
					"-Wl,-framework,AudioToolbox",
					"-Wl,-framework,AudioUnit",
					"-Wl,-framework,IOKit",
				);
				PREBINDING = NO;
				SYMROOT = "../bin";
			};
			name = "Release";
		};
/* End XCBuildConfiguration section */

/* Begin XCConfigurationList section */
		499F690A2122001267805982 /* Build configuration list for PBXNativeTarget "rc-unit-notifier" */ = {
			isa = XCConfigurationList;
			buildConfigurations = (
				634D779D2223001267805982 /* Debug */,
				61B3648843B9001267805982 /* Release */,
			);
			defaultConfigurationIsVisible = 0;
			defaultConfigurationName = "Debug";
		};
		1DEB928908733DD80010E9CD /* Build configuration list for PBXProject "rc-unit-notifier" */ = {
			isa = XCConfigurationList;
			buildConfigurations = (
				52E4073224F5001267805982 /* Debug */,
				485503170C9E001267805982 /* Release */,
			);
			defaultConfigurationIsVisible = 0;
			defaultConfigurationName = "Debug";
		};
/* End XCConfigurationList section */

	};
	rootObject = 08FB7793FE84155DC02AAC07 /* Project object */;
}
