// !$*UTF8*$!
{
	archiveVersion = 1;
	classes = {
	};
	objectVersion = 45;
	objects = {

/* Begin PBXBuildFile section */
		01A861735370001269700090 /* main.cpp in Sources */ = {isa = PBXBuildFile; fileRef = 393B70190B9F001269700090 /* main.cpp */; };
/* End PBXBuildFile section */

/* Begin PBXFileReference section */
		22AC7F1E2BE1001269700090 /* rc-unit-notifier */ = {isa = PBXFileReference; explicitFileType = "compiled.mach-o.executable"; includeInIndex = 0; path = "rc-unit-notifier"; sourceTree = BUILT_PRODUCTS_DIR; };
		393B70190B9F001269700090 /* main.cpp */ = {isa = PBXFileReference; lastKnownFileType = sourcecode.cpp.cpp; path = main.cpp; sourceTree = "<group>"; };
/* End PBXFileReference section */

/* Begin PBXFrameworksBuildPhase section */
		3CA7280C3019001269700090 /* Frameworks */ = {
			isa = PBXFrameworksBuildPhase;
			buildActionMask = 2147483647;
			files = (
			);
			runOnlyForDeploymentPostprocessing = 0;
		};
/* End PBXFrameworksBuildPhase section */

/* Begin PBXGroup section */
		05823F89753D001269700090 /* Products */ = {
			isa = PBXGroup;
			children = (
				22AC7F1E2BE1001269700090 /* rc-unit-notifier */,
			);
			name = Products;
			sourceTree = "<group>";
		};
		2738583068D2001269700090 /* src */ = {
			isa = PBXGroup;
			children = (
				4E1A25F659B0001269700090 /* rc-unit-notifier */,
			);
			name = src;
			path = ../src;
			sourceTree = "<group>";
		};
		35FB196754F3001269700090 /* rc-unit-notifier */ = {
			isa = PBXGroup;
			children = (
				2738583068D2001269700090 /* src */,
				05823F89753D001269700090 /* Products */,
			);
			name = "rc-unit-notifier";
			sourceTree = "<group>";
		};
		4E1A25F659B0001269700090 /* rc-unit-notifier */ = {
			isa = PBXGroup;
			children = (
				393B70190B9F001269700090 /* main.cpp */,
			);
			path = "rc-unit-notifier";
			sourceTree = "<group>";
		};
/* End PBXGroup section */

/* Begin PBXNativeTarget section */
		58CA38BB0C2F001269700090 /* rc-unit-notifier */ = {
			isa = PBXNativeTarget;
			buildConfigurationList = 38B97E971C1F001269700090 /* Build configuration list for PBXNativeTarget "rc-unit-notifier" */;
			buildPhases = (
				475545BA72C6001269700090 /* Resources */,
				5A273F252703001269700090 /* Sources */,
				3CA7280C3019001269700090 /* Frameworks */,
			);
			buildRules = (
			);
			dependencies = (
			);
			name = "rc-unit-notifier";
			productInstallPath = "$(HOME)/bin";
			productName = "rc-unit-notifier";
			productReference = 22AC7F1E2BE1001269700090 /* rc-unit-notifier */;
			productType = "com.apple.product-type.tool";
		};
/* End PBXNativeTarget section */

/* Begin PBXProject section */
		08FB7793FE84155DC02AAC07 /* Project object */ = {
			isa = PBXProject;
			buildConfigurationList = 1DEB928908733DD80010E9CD /* Build configuration list for PBXProject "rc-unit-notifier" */;
			compatibilityVersion = "Xcode 3.1";
			hasScannedForEncodings = 1;
			mainGroup = 35FB196754F3001269700090 /* rc-unit-notifier */;
			projectDirPath = "";
			projectRoot = "";
			targets = (
				58CA38BB0C2F001269700090 /* rc-unit-notifier */,
			);
		};
/* End PBXProject section */

/* Begin PBXResourcesBuildPhase section */
		475545BA72C6001269700090 /* Resources */ = {
			isa = PBXResourcesBuildPhase;
			buildActionMask = 2147483647;
			files = (
			);
			runOnlyForDeploymentPostprocessing = 0;
		};
/* End PBXResourcesBuildPhase section */

/* Begin PBXSourcesBuildPhase section */
		5A273F252703001269700090 /* Sources */ = {
			isa = PBXSourcesBuildPhase;
			buildActionMask = 2147483647;
			files = (
				01A861735370001269700090 /* main.cpp in Sources */,
			);
			runOnlyForDeploymentPostprocessing = 0;
		};
/* End PBXSourcesBuildPhase section */

/* Begin XCBuildConfiguration section */
		1CD920E005E2001269700090 /* Debug */ = {
			isa = XCBuildConfiguration;
			buildSettings = {
				ARCHS = "$(NATIVE_ARCH_ACTUAL)";
				CONFIGURATION_BUILD_DIR = "$(SYMROOT)";
				CONFIGURATION_TEMP_DIR = "$(OBJROOT)";
				COPY_PHASE_STRIP = NO;
				GCC_C_LANGUAGE_STANDARD = gnu99;
				GCC_ENABLE_FIX_AND_CONTINUE = YES;
				GCC_OPTIMIZATION_LEVEL = 0;
				GCC_PREPROCESSOR_DEFINITIONS = DEBUG;
				GCC_WARN_ABOUT_RETURN_TYPE = YES;
				GCC_WARN_UNUSED_VARIABLE = YES;
				HEADER_SEARCH_PATHS = (
					../src,
					../src/lib,
					../externals/xmlframework/src,
					../externals/oscframework/src,
					../externals,
					../../../../../opt/local/include,
				);
				LIBRARY_SEARCH_PATHS = (
					../externals/xmlframework/src/xmlframework,
					../externals/oscframework/src/oscframework,
					../../../../../opt/local/lib,
				);
				OBJROOT = "../obj/Debug/rc-unit-notifier";
				ONLY_ACTIVE_ARCH = NO;
				OTHER_LDFLAGS = (
					"-loscframework",
					"-llo",
					"-lpthread",
					"-lSDLmain",
					"-lSDL",
					"-Wl,-framework,Cocoa",
					"-Wl,-framework,OpenGL",
					"-Wl,-framework,ApplicationServices",
					"-Wl,-framework,Carbon",
					"-Wl,-framework,AudioToolbox",
					"-Wl,-framework,AudioUnit",
					"-Wl,-framework,IOKit",
				);
				PREBINDING = NO;
				SYMROOT = ../bin;
			};
			name = Debug;
		};
		29B629AD5E53001269700090 /* Release */ = {
			isa = XCBuildConfiguration;
			buildSettings = {
				ARCHS = "$(NATIVE_ARCH_ACTUAL)";
				CONFIGURATION_BUILD_DIR = "$(SYMROOT)";
				CONFIGURATION_TEMP_DIR = "$(OBJROOT)";
				GCC_C_LANGUAGE_STANDARD = gnu99;
				GCC_OPTIMIZATION_LEVEL = s;
				GCC_PREPROCESSOR_DEFINITIONS = NDEBUG;
				GCC_WARN_ABOUT_RETURN_TYPE = YES;
				GCC_WARN_UNUSED_VARIABLE = YES;
				HEADER_SEARCH_PATHS = (
					../src,
					../src/lib,
					../externals/xmlframework/src,
					../externals/oscframework/src,
					../externals,
					../../../../../opt/local/include,
				);
				LIBRARY_SEARCH_PATHS = (
					../externals/xmlframework/src/xmlframework,
					../externals/oscframework/src/oscframework,
					../../../../../opt/local/lib,
				);
				OBJROOT = "../obj/Release/rc-unit-notifier";
				ONLY_ACTIVE_ARCH = NO;
				OTHER_LDFLAGS = (
					"-loscframework",
					"-llo",
					"-lpthread",
					"-lSDLmain",
					"-lSDL",
					"-Wl,-framework,Cocoa",
					"-Wl,-framework,OpenGL",
					"-Wl,-framework,ApplicationServices",
					"-Wl,-framework,Carbon",
					"-Wl,-framework,AudioToolbox",
					"-Wl,-framework,AudioUnit",
					"-Wl,-framework,IOKit",
				);
				PREBINDING = NO;
				SYMROOT = ../bin;
			};
			name = Release;
		};
		36621A156D48001269700090 /* Debug */ = {
			isa = XCBuildConfiguration;
			buildSettings = {
				ALWAYS_SEARCH_USER_PATHS = NO;
				CONFIGURATION_BUILD_DIR = ../bin;
				GCC_DYNAMIC_NO_PIC = NO;
				GCC_MODEL_TUNING = G5;
				INSTALL_PATH = /usr/local/bin;
				PRODUCT_NAME = "rc-unit-notifier";
			};
			name = Debug;
		};
		6DB926407304001269700090 /* Release */ = {
			isa = XCBuildConfiguration;
			buildSettings = {
				ALWAYS_SEARCH_USER_PATHS = NO;
				CONFIGURATION_BUILD_DIR = ../bin;
				DEBUG_INFORMATION_FORMAT = "dwarf-with-dsym";
				GCC_DYNAMIC_NO_PIC = NO;
				GCC_MODEL_TUNING = G5;
				INSTALL_PATH = /usr/local/bin;
				PRODUCT_NAME = "rc-unit-notifier";
			};
			name = Release;
		};
/* End XCBuildConfiguration section */

/* Begin XCConfigurationList section */
		1DEB928908733DD80010E9CD /* Build configuration list for PBXProject "rc-unit-notifier" */ = {
			isa = XCConfigurationList;
			buildConfigurations = (
				1CD920E005E2001269700090 /* Debug */,
				29B629AD5E53001269700090 /* Release */,
			);
			defaultConfigurationIsVisible = 0;
			defaultConfigurationName = Debug;
		};
		38B97E971C1F001269700090 /* Build configuration list for PBXNativeTarget "rc-unit-notifier" */ = {
			isa = XCConfigurationList;
			buildConfigurations = (
				36621A156D48001269700090 /* Debug */,
				6DB926407304001269700090 /* Release */,
			);
			defaultConfigurationIsVisible = 0;
			defaultConfigurationName = Debug;
		};
/* End XCConfigurationList section */
	};
	rootObject = 08FB7793FE84155DC02AAC07 /* Project object */;
}
